// !$*UTF8*$!
{
	archiveVersion = 1;
	classes = {
	};
	objectVersion = 46;
	objects = {

/* Begin PBXAggregateTarget section */
		867E106AC2884B9C98B56B37 /* ZERO_CHECK */ = {
			isa = PBXAggregateTarget;
			buildConfigurationList = 20BEE11A1910468BB168E20A /* Build configuration list for PBXAggregateTarget "ZERO_CHECK" */;
			buildPhases = (
				0C016FF2D91D493AB533CFC9 /* CMake Rules */,
			);
			dependencies = (
			);
			name = ZERO_CHECK;
			productName = ZERO_CHECK;
		};
		B46DA2DCFC50497E863A8C9A /* ALL_BUILD */ = {
			isa = PBXAggregateTarget;
			buildConfigurationList = EC98B2D19FE7420192723F97 /* Build configuration list for PBXAggregateTarget "ALL_BUILD" */;
			buildPhases = (
				C4A972493A1A4B64B1B73D58 /* CMake Rules */,
			);
			dependencies = (
				0378013231404266ADD96457 /* PBXTargetDependency */,
				B2DFB858DDC6488687619CF0 /* PBXTargetDependency */,
			);
			name = ALL_BUILD;
			productName = ALL_BUILD;
		};
/* End PBXAggregateTarget section */

/* Begin PBXBuildFile section */
		86948D9D0C0C48B09703F977 /* /Users/btwise/我的仓库/Karabiner-Elements/src/core/grabber/CMakeLists.txt */ = {isa = PBXBuildFile; fileRef = B1E146B3251448AFB9533AD2 /* /Users/btwise/我的仓库/Karabiner-Elements/src/core/grabber/CMakeLists.txt */; };
		C924454DB96A40909911D92A /* /Users/btwise/我的仓库/Karabiner-Elements/src/core/grabber/src/main.cpp */ = {isa = PBXBuildFile; fileRef = AB2BBE000C2140BA99666B79 /* /Users/btwise/我的仓库/Karabiner-Elements/src/core/grabber/src/main.cpp */; };
/* End PBXBuildFile section */

/* Begin PBXBuildStyle section */
		11953B9A0FCA4B26B2EF818C /* Debug */ = {
			isa = PBXBuildStyle;
			buildSettings = {
				COPY_PHASE_STRIP = NO;
			};
			name = Debug;
		};
		2798BF1B8A9540CE8FEF0573 /* RelWithDebInfo */ = {
			isa = PBXBuildStyle;
			buildSettings = {
				COPY_PHASE_STRIP = NO;
			};
			name = RelWithDebInfo;
		};
		AD2D028515634F53BB56901E /* Release */ = {
			isa = PBXBuildStyle;
			buildSettings = {
				COPY_PHASE_STRIP = NO;
			};
			name = Release;
		};
		E7389536742C4F42A7347D62 /* MinSizeRel */ = {
			isa = PBXBuildStyle;
			buildSettings = {
				COPY_PHASE_STRIP = NO;
			};
			name = MinSizeRel;
		};
/* End PBXBuildStyle section */

/* Begin PBXContainerItemProxy section */
		050B77B6FDAF4CBCAF0F0C84 /* PBXContainerItemProxy */ = {
			isa = PBXContainerItemProxy;
			containerPortal = 1A97E469155F4670A3CF2CD4 /* Project object */;
			proxyType = 1;
			remoteGlobalIDString = 24642B3911C740D9991FE69F;
			remoteInfo = karabiner_grabber;
		};
		45E43FEAFAF944D3863AC37C /* PBXContainerItemProxy */ = {
			isa = PBXContainerItemProxy;
			containerPortal = 1A97E469155F4670A3CF2CD4 /* Project object */;
			proxyType = 1;
			remoteGlobalIDString = 867E106AC2884B9C98B56B37;
			remoteInfo = ZERO_CHECK;
		};
		D4C5290030994FECAC30786F /* PBXContainerItemProxy */ = {
			isa = PBXContainerItemProxy;
			containerPortal = 1A97E469155F4670A3CF2CD4 /* Project object */;
			proxyType = 1;
			remoteGlobalIDString = 867E106AC2884B9C98B56B37;
			remoteInfo = ZERO_CHECK;
		};
/* End PBXContainerItemProxy section */

/* Begin PBXFileReference section */
		04F30781263A4097AE0CFF90 /* karabiner_grabber */ = {isa = PBXFileReference; explicitFileType = "compiled.mach-o.executable"; path = karabiner_grabber; sourceTree = BUILT_PRODUCTS_DIR; };
		9AA9E3B3A75544E5B2A62631 /* /Users/btwise/我的仓库/Karabiner-Elements/src/core/grabber/CMakeLists.txt */ = {isa = PBXFileReference; explicitFileType = sourcecode.text; fileEncoding = 4; name = CMakeLists.txt; path = CMakeLists.txt; sourceTree = SOURCE_ROOT; };
		AB2BBE000C2140BA99666B79 /* /Users/btwise/我的仓库/Karabiner-Elements/src/core/grabber/src/main.cpp */ = {isa = PBXFileReference; explicitFileType = sourcecode.cpp.cpp; fileEncoding = 4; name = main.cpp; path = src/main.cpp; sourceTree = SOURCE_ROOT; };
		B1E146B3251448AFB9533AD2 /* /Users/btwise/我的仓库/Karabiner-Elements/src/core/grabber/CMakeLists.txt */ = {isa = PBXFileReference; explicitFileType = sourcecode.text; fileEncoding = 4; name = CMakeLists.txt; path = CMakeLists.txt; sourceTree = SOURCE_ROOT; };
/* End PBXFileReference section */

/* Begin PBXGroup section */
		0741D06399F74CC1B49C65E2 = {
			isa = PBXGroup;
			children = (
				AA41B463B92849CFA71A131E /* karabiner_grabber */,
				BA7518E683C8482C8F750F4D /* ALL_BUILD */,
				6CFFAEE1ADFB4EB780D41F64 /* Products */,
			);
			sourceTree = "<group>";
		};
		3FD5D42109844A6B8351C778 /* Source Files */ = {
			isa = PBXGroup;
			children = (
				AB2BBE000C2140BA99666B79 /* /Users/btwise/我的仓库/Karabiner-Elements/src/core/grabber/src/main.cpp */,
			);
			name = "Source Files";
			sourceTree = "<group>";
		};
		6CFFAEE1ADFB4EB780D41F64 /* Products */ = {
			isa = PBXGroup;
			children = (
				04F30781263A4097AE0CFF90 /* karabiner_grabber */,
			);
			name = Products;
			sourceTree = "<group>";
		};
		AA41B463B92849CFA71A131E /* karabiner_grabber */ = {
			isa = PBXGroup;
			children = (
				3FD5D42109844A6B8351C778 /* Source Files */,
				B1E146B3251448AFB9533AD2 /* /Users/btwise/我的仓库/Karabiner-Elements/src/core/grabber/CMakeLists.txt */,
			);
			name = karabiner_grabber;
			sourceTree = "<group>";
		};
		BA7518E683C8482C8F750F4D /* ALL_BUILD */ = {
			isa = PBXGroup;
			children = (
				C56265287B904E34ABC1A5DA /* CMake Rules */,
				9AA9E3B3A75544E5B2A62631 /* /Users/btwise/我的仓库/Karabiner-Elements/src/core/grabber/CMakeLists.txt */,
			);
			name = ALL_BUILD;
			sourceTree = "<group>";
		};
		C56265287B904E34ABC1A5DA /* CMake Rules */ = {
			isa = PBXGroup;
			children = (
			);
			name = "CMake Rules";
			sourceTree = "<group>";
		};
/* End PBXGroup section */

/* Begin PBXNativeTarget section */
		24642B3911C740D9991FE69F /* karabiner_grabber */ = {
			isa = PBXNativeTarget;
			buildConfigurationList = 64E162DC84014476B35E3E8A /* Build configuration list for PBXNativeTarget "karabiner_grabber" */;
			buildPhases = (
				91E91A8812674630B2CC2687 /* Sources */,
			);
			buildRules = (
			);
			dependencies = (
				58EC02813A454C6983C5DA22 /* PBXTargetDependency */,
			);
			name = karabiner_grabber;
			productName = karabiner_grabber;
			productReference = 04F30781263A4097AE0CFF90 /* karabiner_grabber */;
			productType = "com.apple.product-type.tool";
		};
/* End PBXNativeTarget section */

/* Begin PBXProject section */
		1A97E469155F4670A3CF2CD4 /* Project object */ = {
			isa = PBXProject;
			attributes = {
				BuildIndependentTargetsInParallel = YES;
				LastUpgradeCheck = 1020;
			};
			buildConfigurationList = 4B820CFB9DF04C6FA897084F /* Build configuration list for PBXProject "karabiner_grabber" */;
			buildSettings = {
			};
			buildStyles = (
				11953B9A0FCA4B26B2EF818C /* Debug */,
				AD2D028515634F53BB56901E /* Release */,
				E7389536742C4F42A7347D62 /* MinSizeRel */,
				2798BF1B8A9540CE8FEF0573 /* RelWithDebInfo */,
			);
			compatibilityVersion = "Xcode 3.2";
			hasScannedForEncodings = 0;
			mainGroup = 0741D06399F74CC1B49C65E2;
			projectDirPath = ../;
			projectRoot = "";
			targets = (
				B46DA2DCFC50497E863A8C9A /* ALL_BUILD */,
				867E106AC2884B9C98B56B37 /* ZERO_CHECK */,
				24642B3911C740D9991FE69F /* karabiner_grabber */,
			);
		};
/* End PBXProject section */

/* Begin PBXShellScriptBuildPhase section */
		0C016FF2D91D493AB533CFC9 /* CMake Rules */ = {
			isa = PBXShellScriptBuildPhase;
			buildActionMask = 2147483647;
			files = (
			);
			name = "CMake Rules";
			runOnlyForDeploymentPostprocessing = 0;
			shellPath = /bin/sh;
			shellScript = "make -C /Users/btwise/我的仓库/Karabiner-Elements/src/core/grabber/build_xcode -f /Users/btwise/我的仓库/Karabiner-Elements/src/core/grabber/build_xcode/CMakeScripts/ZERO_CHECK_cmakeRulesBuildPhase.make$CONFIGURATION OBJDIR=$(basename \"$OBJECT_FILE_DIR_normal\") all";
			showEnvVarsInLog = 0;
		};
		50B438FF97F1493D9E50B2C6 = {
			isa = PBXShellScriptBuildPhase;
			buildActionMask = 2147483647;
			files = (
			);
			inputPaths = (
			);
			outputPaths = (
			);
			runOnlyForDeploymentPostprocessing = 0;
			shellPath = /bin/sh;
			shellScript = "# shell script goes here
exit 0";
			showEnvVarsInLog = 0;
		};
		997EFB62E3EE47B380DD7A7A = {
			isa = PBXShellScriptBuildPhase;
			buildActionMask = 2147483647;
			files = (
			);
			inputPaths = (
			);
			outputPaths = (
			);
			runOnlyForDeploymentPostprocessing = 0;
			shellPath = /bin/sh;
			shellScript = "# shell script goes here
exit 0";
			showEnvVarsInLog = 0;
		};
		C4A972493A1A4B64B1B73D58 /* CMake Rules */ = {
			isa = PBXShellScriptBuildPhase;
			buildActionMask = 2147483647;
			files = (
			);
			name = "CMake Rules";
			runOnlyForDeploymentPostprocessing = 0;
			shellPath = /bin/sh;
			shellScript = "make -C /Users/btwise/我的仓库/Karabiner-Elements/src/core/grabber/build_xcode -f /Users/btwise/我的仓库/Karabiner-Elements/src/core/grabber/build_xcode/CMakeScripts/ALL_BUILD_cmakeRulesBuildPhase.make$CONFIGURATION OBJDIR=$(basename \"$OBJECT_FILE_DIR_normal\") all";
			showEnvVarsInLog = 0;
		};
/* End PBXShellScriptBuildPhase section */

/* Begin PBXSourcesBuildPhase section */
		91E91A8812674630B2CC2687 /* Sources */ = {
			isa = PBXSourcesBuildPhase;
			buildActionMask = 2147483647;
			files = (
				C924454DB96A40909911D92A /* /Users/btwise/我的仓库/Karabiner-Elements/src/core/grabber/src/main.cpp */,
			);
			runOnlyForDeploymentPostprocessing = 0;
		};
/* End PBXSourcesBuildPhase section */

/* Begin PBXTargetDependency section */
		0378013231404266ADD96457 /* PBXTargetDependency */ = {
			isa = PBXTargetDependency;
			target = 24642B3911C740D9991FE69F /* karabiner_grabber */;
			targetProxy = 050B77B6FDAF4CBCAF0F0C84 /* PBXContainerItemProxy */;
		};
		58EC02813A454C6983C5DA22 /* PBXTargetDependency */ = {
			isa = PBXTargetDependency;
			target = 867E106AC2884B9C98B56B37 /* ZERO_CHECK */;
			targetProxy = 45E43FEAFAF944D3863AC37C /* PBXContainerItemProxy */;
		};
		B2DFB858DDC6488687619CF0 /* PBXTargetDependency */ = {
			isa = PBXTargetDependency;
			target = 867E106AC2884B9C98B56B37 /* ZERO_CHECK */;
			targetProxy = D4C5290030994FECAC30786F /* PBXContainerItemProxy */;
		};
/* End PBXTargetDependency section */

/* Begin XCBuildConfiguration section */
		06A55C9556ED4562A9B017C0 /* Release */ = {
			isa = XCBuildConfiguration;
			buildSettings = {
				COMBINE_HIDPI_IMAGES = YES;
				EXECUTABLE_PREFIX = "";
				EXECUTABLE_SUFFIX = "";
				GCC_GENERATE_DEBUGGING_SYMBOLS = NO;
				GCC_INLINES_ARE_PRIVATE_EXTERN = NO;
				GCC_OPTIMIZATION_LEVEL = 2;
				GCC_PREPROCESSOR_DEFINITIONS = ("'CMAKE_INTDIR=\"$(CONFIGURATION)$(EFFECTIVE_PLATFORM_NAME)\"'");
				GCC_SYMBOLS_PRIVATE_EXTERN = NO;
				HEADER_SEARCH_PATHS = ("/Users/btwise/我的仓库/Karabiner-Elements/src/share","/Users/btwise/我的仓库/Karabiner-Elements/src/core/grabber/./include");
				INSTALL_PATH = "";
				LIBRARY_SEARCH_PATHS = "";
				OTHER_CPLUSPLUSFLAGS = "    -DNDEBUG -Wall -Werror     -fobjc-arc -fmodules '-std=gnu++1z'  ";
				OTHER_LDFLAGS = " -Wl,-search_paths_first -Wl,-headerpad_max_install_names  -framework CoreFoundation -framework CoreGraphics -framework CoreServices -framework IOKit -framework SystemConfiguration";
				OTHER_REZFLAGS = "";
				PRODUCT_NAME = karabiner_grabber;
				SECTORDER_FLAGS = "";
				SYMROOT = "/Users/btwise/我的仓库/Karabiner-Elements/src/core/grabber/build_xcode";
				SYSTEM_HEADER_SEARCH_PATHS = ("/Users/btwise/我的仓库/Karabiner-Elements/src/vendor","/Users/btwise/我的仓库/Karabiner-Elements/src/vendor/cget/include");
				USE_HEADERMAP = NO;
				WARNING_CFLAGS = ("-Wmost","-Wno-four-char-constants","-Wno-unknown-pragmas","$(inherited)");
			};
			name = Release;
		};
		0D7F2B879E0A4ED0A857B2ED /* Release */ = {
			isa = XCBuildConfiguration;
			buildSettings = {
				MACOSX_DEPLOYMENT_TARGET = 10.12;
				ONLY_ACTIVE_ARCH = YES;
				SDKROOT = /Users/btwise/Xcode.app/Contents/Developer/Platforms/MacOSX.platform/Developer/SDKs/MacOSX10.14.sdk;
				SYMROOT = "/Users/btwise/我的仓库/Karabiner-Elements/src/core/grabber/build_xcode/build";
			};
			name = Release;
		};
		21900BD488E64680A9E1E778 /* MinSizeRel */ = {
			isa = XCBuildConfiguration;
			buildSettings = {
				COMBINE_HIDPI_IMAGES = YES;
				GCC_GENERATE_DEBUGGING_SYMBOLS = YES;
				GCC_INLINES_ARE_PRIVATE_EXTERN = NO;
				GCC_OPTIMIZATION_LEVEL = 0;
				GCC_PREPROCESSOR_DEFINITIONS = ("'CMAKE_INTDIR=\"$(CONFIGURATION)$(EFFECTIVE_PLATFORM_NAME)\"'");
				GCC_SYMBOLS_PRIVATE_EXTERN = NO;
				INSTALL_PATH = "";
				OTHER_LDFLAGS = " ";
				OTHER_REZFLAGS = "";
				PRODUCT_NAME = ZERO_CHECK;
				SECTORDER_FLAGS = "";
				SYMROOT = "/Users/btwise/我的仓库/Karabiner-Elements/src/core/grabber/build_xcode";
				USE_HEADERMAP = NO;
				WARNING_CFLAGS = ("-Wmost","-Wno-four-char-constants","-Wno-unknown-pragmas","$(inherited)");
			};
			name = MinSizeRel;
		};
		2621BE093759428A8D60AB44 /* RelWithDebInfo */ = {
			isa = XCBuildConfiguration;
			buildSettings = {
				COMBINE_HIDPI_IMAGES = YES;
				GCC_GENERATE_DEBUGGING_SYMBOLS = YES;
				GCC_INLINES_ARE_PRIVATE_EXTERN = NO;
				GCC_OPTIMIZATION_LEVEL = 0;
				GCC_PREPROCESSOR_DEFINITIONS = ("'CMAKE_INTDIR=\"$(CONFIGURATION)$(EFFECTIVE_PLATFORM_NAME)\"'");
				GCC_SYMBOLS_PRIVATE_EXTERN = NO;
				INSTALL_PATH = "";
				OTHER_LDFLAGS = " ";
				OTHER_REZFLAGS = "";
				PRODUCT_NAME = ZERO_CHECK;
				SECTORDER_FLAGS = "";
				SYMROOT = "/Users/btwise/我的仓库/Karabiner-Elements/src/core/grabber/build_xcode";
				USE_HEADERMAP = NO;
				WARNING_CFLAGS = ("-Wmost","-Wno-four-char-constants","-Wno-unknown-pragmas","$(inherited)");
			};
			name = RelWithDebInfo;
		};
		3B630B9E3A5043B9BAB32ADC /* MinSizeRel */ = {
			isa = XCBuildConfiguration;
			buildSettings = {
				MACOSX_DEPLOYMENT_TARGET = 10.12;
				ONLY_ACTIVE_ARCH = YES;
				SDKROOT = /Users/btwise/Xcode.app/Contents/Developer/Platforms/MacOSX.platform/Developer/SDKs/MacOSX10.14.sdk;
				SYMROOT = "/Users/btwise/我的仓库/Karabiner-Elements/src/core/grabber/build_xcode/build";
			};
			name = MinSizeRel;
		};
		3C34B40AA70841949A2A2718 /* Debug */ = {
			isa = XCBuildConfiguration;
			buildSettings = {
				COMBINE_HIDPI_IMAGES = YES;
				GCC_GENERATE_DEBUGGING_SYMBOLS = YES;
				GCC_INLINES_ARE_PRIVATE_EXTERN = NO;
				GCC_OPTIMIZATION_LEVEL = 0;
				GCC_PREPROCESSOR_DEFINITIONS = ("'CMAKE_INTDIR=\"$(CONFIGURATION)$(EFFECTIVE_PLATFORM_NAME)\"'");
				GCC_SYMBOLS_PRIVATE_EXTERN = NO;
				INSTALL_PATH = "";
				OTHER_LDFLAGS = " ";
				OTHER_REZFLAGS = "";
				PRODUCT_NAME = ALL_BUILD;
				SECTORDER_FLAGS = "";
				SYMROOT = "/Users/btwise/我的仓库/Karabiner-Elements/src/core/grabber/build_xcode";
				USE_HEADERMAP = NO;
				WARNING_CFLAGS = ("-Wmost","-Wno-four-char-constants","-Wno-unknown-pragmas","$(inherited)");
			};
			name = Debug;
		};
		5E482A1F1ADD4F619B3C7BCD /* RelWithDebInfo */ = {
			isa = XCBuildConfiguration;
			buildSettings = {
				COMBINE_HIDPI_IMAGES = YES;
				EXECUTABLE_PREFIX = "";
				EXECUTABLE_SUFFIX = "";
				GCC_GENERATE_DEBUGGING_SYMBOLS = YES;
				GCC_INLINES_ARE_PRIVATE_EXTERN = NO;
				GCC_OPTIMIZATION_LEVEL = 2;
				GCC_PREPROCESSOR_DEFINITIONS = ("'CMAKE_INTDIR=\"$(CONFIGURATION)$(EFFECTIVE_PLATFORM_NAME)\"'");
				GCC_SYMBOLS_PRIVATE_EXTERN = NO;
				HEADER_SEARCH_PATHS = ("/Users/btwise/我的仓库/Karabiner-Elements/src/share","/Users/btwise/我的仓库/Karabiner-Elements/src/core/grabber/./include");
				INSTALL_PATH = "";
				LIBRARY_SEARCH_PATHS = "";
				OTHER_CPLUSPLUSFLAGS = "       -DNDEBUG -Wall -Werror     -fobjc-arc -fmodules '-std=gnu++1z'  ";
				OTHER_LDFLAGS = " -Wl,-search_paths_first -Wl,-headerpad_max_install_names  -framework CoreFoundation -framework CoreGraphics -framework CoreServices -framework IOKit -framework SystemConfiguration";
				OTHER_REZFLAGS = "";
				PRODUCT_NAME = karabiner_grabber;
				SECTORDER_FLAGS = "";
				SYMROOT = "/Users/btwise/我的仓库/Karabiner-Elements/src/core/grabber/build_xcode";
				SYSTEM_HEADER_SEARCH_PATHS = ("/Users/btwise/我的仓库/Karabiner-Elements/src/vendor","/Users/btwise/我的仓库/Karabiner-Elements/src/vendor/cget/include");
				USE_HEADERMAP = NO;
				WARNING_CFLAGS = ("-Wmost","-Wno-four-char-constants","-Wno-unknown-pragmas","$(inherited)");
			};
			name = RelWithDebInfo;
		};
		9F1F214F3FA641BA9FA00E48 /* MinSizeRel */ = {
			isa = XCBuildConfiguration;
			buildSettings = {
				COMBINE_HIDPI_IMAGES = YES;
				EXECUTABLE_PREFIX = "";
				EXECUTABLE_SUFFIX = "";
				GCC_GENERATE_DEBUGGING_SYMBOLS = NO;
				GCC_INLINES_ARE_PRIVATE_EXTERN = NO;
				GCC_OPTIMIZATION_LEVEL = 2;
				GCC_PREPROCESSOR_DEFINITIONS = ("'CMAKE_INTDIR=\"$(CONFIGURATION)$(EFFECTIVE_PLATFORM_NAME)\"'");
				GCC_SYMBOLS_PRIVATE_EXTERN = NO;
				HEADER_SEARCH_PATHS = ("/Users/btwise/我的仓库/Karabiner-Elements/src/share","/Users/btwise/我的仓库/Karabiner-Elements/src/core/grabber/./include");
				INSTALL_PATH = "";
				LIBRARY_SEARCH_PATHS = "";
				OTHER_CPLUSPLUSFLAGS = "    -DNDEBUG -Wall -Werror     -fobjc-arc -fmodules '-std=gnu++1z'  ";
				OTHER_LDFLAGS = " -Wl,-search_paths_first -Wl,-headerpad_max_install_names  -framework CoreFoundation -framework CoreGraphics -framework CoreServices -framework IOKit -framework SystemConfiguration";
				OTHER_REZFLAGS = "";
				PRODUCT_NAME = karabiner_grabber;
				SECTORDER_FLAGS = "";
				SYMROOT = "/Users/btwise/我的仓库/Karabiner-Elements/src/core/grabber/build_xcode";
				SYSTEM_HEADER_SEARCH_PATHS = ("/Users/btwise/我的仓库/Karabiner-Elements/src/vendor","/Users/btwise/我的仓库/Karabiner-Elements/src/vendor/cget/include");
				USE_HEADERMAP = NO;
				WARNING_CFLAGS = ("-Wmost","-Wno-four-char-constants","-Wno-unknown-pragmas","$(inherited)");
			};
			name = MinSizeRel;
		};
		B88E62801F0D4275A6B8DDD7 /* RelWithDebInfo */ = {
			isa = XCBuildConfiguration;
			buildSettings = {
				COMBINE_HIDPI_IMAGES = YES;
				GCC_GENERATE_DEBUGGING_SYMBOLS = YES;
				GCC_INLINES_ARE_PRIVATE_EXTERN = NO;
				GCC_OPTIMIZATION_LEVEL = 0;
				GCC_PREPROCESSOR_DEFINITIONS = ("'CMAKE_INTDIR=\"$(CONFIGURATION)$(EFFECTIVE_PLATFORM_NAME)\"'");
				GCC_SYMBOLS_PRIVATE_EXTERN = NO;
				INSTALL_PATH = "";
				OTHER_LDFLAGS = " ";
				OTHER_REZFLAGS = "";
				PRODUCT_NAME = ALL_BUILD;
				SECTORDER_FLAGS = "";
				SYMROOT = "/Users/btwise/我的仓库/Karabiner-Elements/src/core/grabber/build_xcode";
				USE_HEADERMAP = NO;
				WARNING_CFLAGS = ("-Wmost","-Wno-four-char-constants","-Wno-unknown-pragmas","$(inherited)");
			};
			name = RelWithDebInfo;
		};
		BD565D5E7823473887DA1E6D /* RelWithDebInfo */ = {
			isa = XCBuildConfiguration;
			buildSettings = {
				MACOSX_DEPLOYMENT_TARGET = 10.12;
				ONLY_ACTIVE_ARCH = YES;
				SDKROOT = /Users/btwise/Xcode.app/Contents/Developer/Platforms/MacOSX.platform/Developer/SDKs/MacOSX10.14.sdk;
				SYMROOT = "/Users/btwise/我的仓库/Karabiner-Elements/src/core/grabber/build_xcode/build";
			};
			name = RelWithDebInfo;
		};
		CDFC25CC376F4C97BE79526F /* MinSizeRel */ = {
			isa = XCBuildConfiguration;
			buildSettings = {
				COMBINE_HIDPI_IMAGES = YES;
				GCC_GENERATE_DEBUGGING_SYMBOLS = YES;
				GCC_INLINES_ARE_PRIVATE_EXTERN = NO;
				GCC_OPTIMIZATION_LEVEL = 0;
				GCC_PREPROCESSOR_DEFINITIONS = ("'CMAKE_INTDIR=\"$(CONFIGURATION)$(EFFECTIVE_PLATFORM_NAME)\"'");
				GCC_SYMBOLS_PRIVATE_EXTERN = NO;
				INSTALL_PATH = "";
				OTHER_LDFLAGS = " ";
				OTHER_REZFLAGS = "";
				PRODUCT_NAME = ALL_BUILD;
				SECTORDER_FLAGS = "";
				SYMROOT = "/Users/btwise/我的仓库/Karabiner-Elements/src/core/grabber/build_xcode";
				USE_HEADERMAP = NO;
				WARNING_CFLAGS = ("-Wmost","-Wno-four-char-constants","-Wno-unknown-pragmas","$(inherited)");
			};
			name = MinSizeRel;
		};
		DE63417F832C4A269BE8F823 /* Release */ = {
			isa = XCBuildConfiguration;
			buildSettings = {
				COMBINE_HIDPI_IMAGES = YES;
				GCC_GENERATE_DEBUGGING_SYMBOLS = YES;
				GCC_INLINES_ARE_PRIVATE_EXTERN = NO;
				GCC_OPTIMIZATION_LEVEL = 0;
				GCC_PREPROCESSOR_DEFINITIONS = ("'CMAKE_INTDIR=\"$(CONFIGURATION)$(EFFECTIVE_PLATFORM_NAME)\"'");
				GCC_SYMBOLS_PRIVATE_EXTERN = NO;
				INSTALL_PATH = "";
				OTHER_LDFLAGS = " ";
				OTHER_REZFLAGS = "";
				PRODUCT_NAME = ALL_BUILD;
				SECTORDER_FLAGS = "";
				SYMROOT = "/Users/btwise/我的仓库/Karabiner-Elements/src/core/grabber/build_xcode";
				USE_HEADERMAP = NO;
				WARNING_CFLAGS = ("-Wmost","-Wno-four-char-constants","-Wno-unknown-pragmas","$(inherited)");
			};
			name = Release;
		};
		ED2C1D48A2E04400924C151A /* Debug */ = {
			isa = XCBuildConfiguration;
			buildSettings = {
				COMBINE_HIDPI_IMAGES = YES;
				GCC_GENERATE_DEBUGGING_SYMBOLS = YES;
				GCC_INLINES_ARE_PRIVATE_EXTERN = NO;
				GCC_OPTIMIZATION_LEVEL = 0;
				GCC_PREPROCESSOR_DEFINITIONS = ("'CMAKE_INTDIR=\"$(CONFIGURATION)$(EFFECTIVE_PLATFORM_NAME)\"'");
				GCC_SYMBOLS_PRIVATE_EXTERN = NO;
				INSTALL_PATH = "";
				OTHER_LDFLAGS = " ";
				OTHER_REZFLAGS = "";
				PRODUCT_NAME = ZERO_CHECK;
				SECTORDER_FLAGS = "";
				SYMROOT = "/Users/btwise/我的仓库/Karabiner-Elements/src/core/grabber/build_xcode";
				USE_HEADERMAP = NO;
				WARNING_CFLAGS = ("-Wmost","-Wno-four-char-constants","-Wno-unknown-pragmas","$(inherited)");
			};
			name = Debug;
		};
		EE3E6629AEB14967A2A3BEE7 /* Release */ = {
			isa = XCBuildConfiguration;
			buildSettings = {
				COMBINE_HIDPI_IMAGES = YES;
				GCC_GENERATE_DEBUGGING_SYMBOLS = YES;
				GCC_INLINES_ARE_PRIVATE_EXTERN = NO;
				GCC_OPTIMIZATION_LEVEL = 0;
				GCC_PREPROCESSOR_DEFINITIONS = ("'CMAKE_INTDIR=\"$(CONFIGURATION)$(EFFECTIVE_PLATFORM_NAME)\"'");
				GCC_SYMBOLS_PRIVATE_EXTERN = NO;
				INSTALL_PATH = "";
				OTHER_LDFLAGS = " ";
				OTHER_REZFLAGS = "";
				PRODUCT_NAME = ZERO_CHECK;
				SECTORDER_FLAGS = "";
				SYMROOT = "/Users/btwise/我的仓库/Karabiner-Elements/src/core/grabber/build_xcode";
				USE_HEADERMAP = NO;
				WARNING_CFLAGS = ("-Wmost","-Wno-four-char-constants","-Wno-unknown-pragmas","$(inherited)");
			};
			name = Release;
		};
		F7D946D22EBA4159A9EEEFA6 /* Debug */ = {
			isa = XCBuildConfiguration;
			buildSettings = {
				MACOSX_DEPLOYMENT_TARGET = 10.12;
				ONLY_ACTIVE_ARCH = YES;
				SDKROOT = /Users/btwise/Xcode.app/Contents/Developer/Platforms/MacOSX.platform/Developer/SDKs/MacOSX10.14.sdk;
				SYMROOT = "/Users/btwise/我的仓库/Karabiner-Elements/src/core/grabber/build_xcode/build";
			};
			name = Debug;
		};
		F90D8109602E47D4B3011B65 /* Debug */ = {
			isa = XCBuildConfiguration;
			buildSettings = {
				COMBINE_HIDPI_IMAGES = YES;
				EXECUTABLE_PREFIX = "";
				EXECUTABLE_SUFFIX = "";
				GCC_GENERATE_DEBUGGING_SYMBOLS = YES;
				GCC_INLINES_ARE_PRIVATE_EXTERN = NO;
				GCC_OPTIMIZATION_LEVEL = 2;
				GCC_PREPROCESSOR_DEFINITIONS = ("'CMAKE_INTDIR=\"$(CONFIGURATION)$(EFFECTIVE_PLATFORM_NAME)\"'");
				GCC_SYMBOLS_PRIVATE_EXTERN = NO;
				HEADER_SEARCH_PATHS = ("/Users/btwise/我的仓库/Karabiner-Elements/src/share","/Users/btwise/我的仓库/Karabiner-Elements/src/core/grabber/./include");
				INSTALL_PATH = "";
				LIBRARY_SEARCH_PATHS = "";
				OTHER_CPLUSPLUSFLAGS = "   -Wall -Werror     -fobjc-arc -fmodules '-std=gnu++1z'  ";
				OTHER_LDFLAGS = " -Wl,-search_paths_first -Wl,-headerpad_max_install_names  -framework CoreFoundation -framework CoreGraphics -framework CoreServices -framework IOKit -framework SystemConfiguration";
				OTHER_REZFLAGS = "";
				PRODUCT_NAME = karabiner_grabber;
				SECTORDER_FLAGS = "";
				SYMROOT = "/Users/btwise/我的仓库/Karabiner-Elements/src/core/grabber/build_xcode";
				SYSTEM_HEADER_SEARCH_PATHS = ("/Users/btwise/我的仓库/Karabiner-Elements/src/vendor","/Users/btwise/我的仓库/Karabiner-Elements/src/vendor/cget/include");
				USE_HEADERMAP = NO;
				WARNING_CFLAGS = ("-Wmost","-Wno-four-char-constants","-Wno-unknown-pragmas","$(inherited)");
			};
			name = Debug;
		};
/* End XCBuildConfiguration section */

/* Begin XCConfigurationList section */
		20BEE11A1910468BB168E20A /* Build configuration list for PBXAggregateTarget "ZERO_CHECK" */ = {
			isa = XCConfigurationList;
			buildConfigurations = (
				ED2C1D48A2E04400924C151A /* Debug */,
				EE3E6629AEB14967A2A3BEE7 /* Release */,
				21900BD488E64680A9E1E778 /* MinSizeRel */,
				2621BE093759428A8D60AB44 /* RelWithDebInfo */,
			);
			defaultConfigurationIsVisible = 0;
			defaultConfigurationName = Debug;
		};
		4B820CFB9DF04C6FA897084F /* Build configuration list for PBXProject "karabiner_grabber" */ = {
			isa = XCConfigurationList;
			buildConfigurations = (
				F7D946D22EBA4159A9EEEFA6 /* Debug */,
				0D7F2B879E0A4ED0A857B2ED /* Release */,
				3B630B9E3A5043B9BAB32ADC /* MinSizeRel */,
				BD565D5E7823473887DA1E6D /* RelWithDebInfo */,
			);
			defaultConfigurationIsVisible = 0;
			defaultConfigurationName = Debug;
		};
		64E162DC84014476B35E3E8A /* Build configuration list for PBXNativeTarget "karabiner_grabber" */ = {
			isa = XCConfigurationList;
			buildConfigurations = (
				F90D8109602E47D4B3011B65 /* Debug */,
				06A55C9556ED4562A9B017C0 /* Release */,
				9F1F214F3FA641BA9FA00E48 /* MinSizeRel */,
				5E482A1F1ADD4F619B3C7BCD /* RelWithDebInfo */,
			);
			defaultConfigurationIsVisible = 0;
			defaultConfigurationName = Debug;
		};
		EC98B2D19FE7420192723F97 /* Build configuration list for PBXAggregateTarget "ALL_BUILD" */ = {
			isa = XCConfigurationList;
			buildConfigurations = (
				3C34B40AA70841949A2A2718 /* Debug */,
				DE63417F832C4A269BE8F823 /* Release */,
				CDFC25CC376F4C97BE79526F /* MinSizeRel */,
				B88E62801F0D4275A6B8DDD7 /* RelWithDebInfo */,
			);
			defaultConfigurationIsVisible = 0;
			defaultConfigurationName = Debug;
		};
/* End XCConfigurationList section */
	};
	rootObject = 1A97E469155F4670A3CF2CD4 /* Project object */;
}
