// !$*UTF8*$!
{
	archiveVersion = 1;
	classes = {
	};
	objectVersion = 46;
	objects = {

/* Begin PBXAggregateTarget section */
		98DFA26B5A3B4FF588DA90F2 /* ALL_BUILD */ = {
			isa = PBXAggregateTarget;
			buildConfigurationList = 8216E29D98AD4657947F00F6 /* Build configuration list for PBXAggregateTarget "ALL_BUILD" */;
			buildPhases = (
				03156C86D0C14D838815E8BE /* CMake Rules */,
			);
			dependencies = (
				789B390A282B4795A6346A5A /* PBXTargetDependency */,
				9B58EB8D35D64102A126697B /* PBXTargetDependency */,
			);
			name = ALL_BUILD;
			productName = ALL_BUILD;
		};
		E4BDC78A6F5041ADB675A156 /* ZERO_CHECK */ = {
			isa = PBXAggregateTarget;
			buildConfigurationList = 3A03DADB12254E36887688A8 /* Build configuration list for PBXAggregateTarget "ZERO_CHECK" */;
			buildPhases = (
				8F6CB8E4FB384AF3BC57EC9F /* CMake Rules */,
			);
			dependencies = (
			);
			name = ZERO_CHECK;
			productName = ZERO_CHECK;
		};
/* End PBXAggregateTarget section */

/* Begin PBXBuildFile section */
		2EC5FDB15B924D32959E347B /* /Users/btwise/Karabiner-Elements/src/core/grabber/CMakeLists.txt */ = {isa = PBXBuildFile; fileRef = 7F7847B897394A859B1C1E5B /* /Users/btwise/Karabiner-Elements/src/core/grabber/CMakeLists.txt */; };
		8E12EDA2304B4617B4EFEB10 /* /Users/btwise/Karabiner-Elements/src/core/grabber/src/main.cpp */ = {isa = PBXBuildFile; fileRef = 65E0251BEEB2419BA201B415 /* /Users/btwise/Karabiner-Elements/src/core/grabber/src/main.cpp */; };
/* End PBXBuildFile section */

/* Begin PBXBuildStyle section */
		97B292B6C9DB4F0191C15DC1 /* RelWithDebInfo */ = {
			isa = PBXBuildStyle;
			buildSettings = {
				COPY_PHASE_STRIP = NO;
			};
			name = RelWithDebInfo;
		};
		C0E42AC3F6284D16A2D919FA /* MinSizeRel */ = {
			isa = PBXBuildStyle;
			buildSettings = {
				COPY_PHASE_STRIP = NO;
			};
			name = MinSizeRel;
		};
		C8D533B3799343C0A4957F40 /* Release */ = {
			isa = PBXBuildStyle;
			buildSettings = {
				COPY_PHASE_STRIP = NO;
			};
			name = Release;
		};
		F4FDC0DE242A4BFC871330ED /* Debug */ = {
			isa = PBXBuildStyle;
			buildSettings = {
				COPY_PHASE_STRIP = NO;
			};
			name = Debug;
		};
/* End PBXBuildStyle section */

/* Begin PBXContainerItemProxy section */
		0064A251EA264767984B7842 /* PBXContainerItemProxy */ = {
			isa = PBXContainerItemProxy;
			containerPortal = 65F2849323664DE78AA11CCD /* Project object */;
			proxyType = 1;
			remoteGlobalIDString = F9B12F336F16406B97869FF7;
			remoteInfo = karabiner_grabber;
		};
		80A440D49DF045BBA5198476 /* PBXContainerItemProxy */ = {
			isa = PBXContainerItemProxy;
			containerPortal = 65F2849323664DE78AA11CCD /* Project object */;
			proxyType = 1;
			remoteGlobalIDString = E4BDC78A6F5041ADB675A156;
			remoteInfo = ZERO_CHECK;
		};
		E5034E20CC14434F91470DF7 /* PBXContainerItemProxy */ = {
			isa = PBXContainerItemProxy;
			containerPortal = 65F2849323664DE78AA11CCD /* Project object */;
			proxyType = 1;
			remoteGlobalIDString = E4BDC78A6F5041ADB675A156;
			remoteInfo = ZERO_CHECK;
		};
/* End PBXContainerItemProxy section */

/* Begin PBXFileReference section */
		65E0251BEEB2419BA201B415 /* /Users/btwise/Karabiner-Elements/src/core/grabber/src/main.cpp */ = {isa = PBXFileReference; explicitFileType = sourcecode.cpp.cpp; fileEncoding = 4; name = main.cpp; path = src/main.cpp; sourceTree = SOURCE_ROOT; };
		76CD6B3E0F4740E2AFF2A53C /* /Users/btwise/Karabiner-Elements/src/core/grabber/CMakeLists.txt */ = {isa = PBXFileReference; explicitFileType = sourcecode.text; fileEncoding = 4; name = CMakeLists.txt; path = CMakeLists.txt; sourceTree = SOURCE_ROOT; };
		7F7847B897394A859B1C1E5B /* /Users/btwise/Karabiner-Elements/src/core/grabber/CMakeLists.txt */ = {isa = PBXFileReference; explicitFileType = sourcecode.text; fileEncoding = 4; name = CMakeLists.txt; path = CMakeLists.txt; sourceTree = SOURCE_ROOT; };
		AACB3D7379A24153AC2967C6 /* karabiner_grabber */ = {isa = PBXFileReference; explicitFileType = "compiled.mach-o.executable"; path = karabiner_grabber; sourceTree = BUILT_PRODUCTS_DIR; };
/* End PBXFileReference section */

/* Begin PBXGroup section */
		0B55A8FCFAF94DEEA87976E8 /* CMake Rules */ = {
			isa = PBXGroup;
			children = (
			);
			name = "CMake Rules";
			sourceTree = "<group>";
		};
		60A61EAEB57647B5A5B56863 = {
			isa = PBXGroup;
			children = (
				84CF9C58F5FB4F5CBEEAD1BE /* karabiner_grabber */,
				A15833F99F4D48F888B65EFE /* ALL_BUILD */,
				A37364CAD05B4E09BE1DFE36 /* Products */,
			);
			sourceTree = "<group>";
		};
		84CF9C58F5FB4F5CBEEAD1BE /* karabiner_grabber */ = {
			isa = PBXGroup;
			children = (
				C678A96ADC284DFEBDA12CB4 /* Source Files */,
				7F7847B897394A859B1C1E5B /* /Users/btwise/Karabiner-Elements/src/core/grabber/CMakeLists.txt */,
			);
			name = karabiner_grabber;
			sourceTree = "<group>";
		};
		A15833F99F4D48F888B65EFE /* ALL_BUILD */ = {
			isa = PBXGroup;
			children = (
				0B55A8FCFAF94DEEA87976E8 /* CMake Rules */,
				76CD6B3E0F4740E2AFF2A53C /* /Users/btwise/Karabiner-Elements/src/core/grabber/CMakeLists.txt */,
			);
			name = ALL_BUILD;
			sourceTree = "<group>";
		};
		A37364CAD05B4E09BE1DFE36 /* Products */ = {
			isa = PBXGroup;
			children = (
				AACB3D7379A24153AC2967C6 /* karabiner_grabber */,
			);
			name = Products;
			sourceTree = "<group>";
		};
		C678A96ADC284DFEBDA12CB4 /* Source Files */ = {
			isa = PBXGroup;
			children = (
				65E0251BEEB2419BA201B415 /* /Users/btwise/Karabiner-Elements/src/core/grabber/src/main.cpp */,
			);
			name = "Source Files";
			sourceTree = "<group>";
		};
/* End PBXGroup section */

/* Begin PBXNativeTarget section */
		F9B12F336F16406B97869FF7 /* karabiner_grabber */ = {
			isa = PBXNativeTarget;
			buildConfigurationList = 2F0FD82DE6214C23B9371FB3 /* Build configuration list for PBXNativeTarget "karabiner_grabber" */;
			buildPhases = (
				454B46CAE6D94625B0B570D9 /* Sources */,
			);
			buildRules = (
			);
			dependencies = (
				49388BDDF0234A899B0CA731 /* PBXTargetDependency */,
			);
			name = karabiner_grabber;
			productName = karabiner_grabber;
			productReference = AACB3D7379A24153AC2967C6 /* karabiner_grabber */;
			productType = "com.apple.product-type.tool";
		};
/* End PBXNativeTarget section */

/* Begin PBXProject section */
		65F2849323664DE78AA11CCD /* Project object */ = {
			isa = PBXProject;
			attributes = {
				BuildIndependentTargetsInParallel = YES;
				LastUpgradeCheck = 1010;
			};
			buildConfigurationList = C7C0318DD0B64159800CBB60 /* Build configuration list for PBXProject "karabiner_grabber" */;
			buildSettings = {
			};
			buildStyles = (
				F4FDC0DE242A4BFC871330ED /* Debug */,
				C8D533B3799343C0A4957F40 /* Release */,
				C0E42AC3F6284D16A2D919FA /* MinSizeRel */,
				97B292B6C9DB4F0191C15DC1 /* RelWithDebInfo */,
			);
			compatibilityVersion = "Xcode 3.2";
			hasScannedForEncodings = 0;
			mainGroup = 60A61EAEB57647B5A5B56863;
			projectDirPath = ../;
			projectRoot = "";
			targets = (
				98DFA26B5A3B4FF588DA90F2 /* ALL_BUILD */,
				E4BDC78A6F5041ADB675A156 /* ZERO_CHECK */,
				F9B12F336F16406B97869FF7 /* karabiner_grabber */,
			);
		};
/* End PBXProject section */

/* Begin PBXShellScriptBuildPhase section */
		03156C86D0C14D838815E8BE /* CMake Rules */ = {
			isa = PBXShellScriptBuildPhase;
			buildActionMask = 2147483647;
			files = (
			);
			name = "CMake Rules";
			runOnlyForDeploymentPostprocessing = 0;
			shellPath = /bin/sh;
			shellScript = "make -C /Users/btwise/Karabiner-Elements/src/core/grabber/build_xcode -f /Users/btwise/Karabiner-Elements/src/core/grabber/build_xcode/CMakeScripts/ALL_BUILD_cmakeRulesBuildPhase.make$CONFIGURATION all";
			showEnvVarsInLog = 0;
		};
		8F6CB8E4FB384AF3BC57EC9F /* CMake Rules */ = {
			isa = PBXShellScriptBuildPhase;
			buildActionMask = 2147483647;
			files = (
			);
			name = "CMake Rules";
			runOnlyForDeploymentPostprocessing = 0;
			shellPath = /bin/sh;
			shellScript = "make -C /Users/btwise/Karabiner-Elements/src/core/grabber/build_xcode -f /Users/btwise/Karabiner-Elements/src/core/grabber/build_xcode/CMakeScripts/ZERO_CHECK_cmakeRulesBuildPhase.make$CONFIGURATION all";
			showEnvVarsInLog = 0;
		};
		A7A11E3BDBB245BB85323B22 = {
			isa = PBXShellScriptBuildPhase;
			buildActionMask = 2147483647;
			files = (
			);
			inputPaths = (
			);
			outputPaths = (
			);
			runOnlyForDeploymentPostprocessing = 0;
			shellPath = /bin/sh;
			shellScript = "# shell script goes here
exit 0";
			showEnvVarsInLog = 0;
		};
		B6A321E7B5DD41F4AAEB47CB = {
			isa = PBXShellScriptBuildPhase;
			buildActionMask = 2147483647;
			files = (
			);
			inputPaths = (
			);
			outputPaths = (
			);
			runOnlyForDeploymentPostprocessing = 0;
			shellPath = /bin/sh;
			shellScript = "# shell script goes here
exit 0";
			showEnvVarsInLog = 0;
		};
/* End PBXShellScriptBuildPhase section */

/* Begin PBXSourcesBuildPhase section */
		454B46CAE6D94625B0B570D9 /* Sources */ = {
			isa = PBXSourcesBuildPhase;
			buildActionMask = 2147483647;
			files = (
				8E12EDA2304B4617B4EFEB10 /* /Users/btwise/Karabiner-Elements/src/core/grabber/src/main.cpp */,
			);
			runOnlyForDeploymentPostprocessing = 0;
		};
/* End PBXSourcesBuildPhase section */

/* Begin PBXTargetDependency section */
		49388BDDF0234A899B0CA731 /* PBXTargetDependency */ = {
			isa = PBXTargetDependency;
			target = E4BDC78A6F5041ADB675A156 /* ZERO_CHECK */;
			targetProxy = E5034E20CC14434F91470DF7 /* PBXContainerItemProxy */;
		};
		789B390A282B4795A6346A5A /* PBXTargetDependency */ = {
			isa = PBXTargetDependency;
			target = F9B12F336F16406B97869FF7 /* karabiner_grabber */;
			targetProxy = 0064A251EA264767984B7842 /* PBXContainerItemProxy */;
		};
		9B58EB8D35D64102A126697B /* PBXTargetDependency */ = {
			isa = PBXTargetDependency;
			target = E4BDC78A6F5041ADB675A156 /* ZERO_CHECK */;
			targetProxy = 80A440D49DF045BBA5198476 /* PBXContainerItemProxy */;
		};
/* End PBXTargetDependency section */

/* Begin XCBuildConfiguration section */
		02E7B31AE6C1489C9FD4945E /* MinSizeRel */ = {
			isa = XCBuildConfiguration;
			buildSettings = {
				COMBINE_HIDPI_IMAGES = YES;
				EXECUTABLE_PREFIX = "";
				EXECUTABLE_SUFFIX = "";
				GCC_GENERATE_DEBUGGING_SYMBOLS = NO;
				GCC_INLINES_ARE_PRIVATE_EXTERN = NO;
				GCC_OPTIMIZATION_LEVEL = 2;
				GCC_PREPROCESSOR_DEFINITIONS = ("'CMAKE_INTDIR=\"$(CONFIGURATION)$(EFFECTIVE_PLATFORM_NAME)\"'");
				GCC_SYMBOLS_PRIVATE_EXTERN = NO;
				HEADER_SEARCH_PATHS = ("/Users/btwise/Karabiner-Elements/src/share","/Users/btwise/Karabiner-Elements/src/core/grabber/./include");
				INSTALL_PATH = "";
				LIBRARY_SEARCH_PATHS = "";
				OTHER_CPLUSPLUSFLAGS = "    -DNDEBUG -Wall -Werror     -fobjc-arc -fmodules '-std=gnu++1z'  ";
				OTHER_LDFLAGS = " -Wl,-search_paths_first -Wl,-headerpad_max_install_names  -framework CoreFoundation -framework CoreGraphics -framework CoreServices -framework IOKit -framework SystemConfiguration";
				OTHER_REZFLAGS = "";
				PRODUCT_NAME = karabiner_grabber;
				SECTORDER_FLAGS = "";
				SYMROOT = "/Users/btwise/Karabiner-Elements/src/core/grabber/build_xcode";
				SYSTEM_HEADER_SEARCH_PATHS = ("/Users/btwise/Karabiner-Elements/src/vendor","/Users/btwise/Karabiner-Elements/src/vendor/cget/include");
				USE_HEADERMAP = NO;
				WARNING_CFLAGS = ("-Wmost","-Wno-four-char-constants","-Wno-unknown-pragmas","$(inherited)");
			};
			name = MinSizeRel;
		};
		325B7670BA694E94BD638313 /* Debug */ = {
			isa = XCBuildConfiguration;
			buildSettings = {
				COMBINE_HIDPI_IMAGES = YES;
				GCC_GENERATE_DEBUGGING_SYMBOLS = YES;
				GCC_INLINES_ARE_PRIVATE_EXTERN = NO;
				GCC_OPTIMIZATION_LEVEL = 0;
				GCC_PREPROCESSOR_DEFINITIONS = ("'CMAKE_INTDIR=\"$(CONFIGURATION)$(EFFECTIVE_PLATFORM_NAME)\"'");
				GCC_SYMBOLS_PRIVATE_EXTERN = NO;
				INSTALL_PATH = "";
				OTHER_LDFLAGS = " ";
				OTHER_REZFLAGS = "";
				PRODUCT_NAME = ALL_BUILD;
				SECTORDER_FLAGS = "";
				SYMROOT = "/Users/btwise/Karabiner-Elements/src/core/grabber/build_xcode";
				USE_HEADERMAP = NO;
				WARNING_CFLAGS = ("-Wmost","-Wno-four-char-constants","-Wno-unknown-pragmas","$(inherited)");
			};
			name = Debug;
		};
		568F009F16A340DBBBCF578E /* Release */ = {
			isa = XCBuildConfiguration;
			buildSettings = {
				COMBINE_HIDPI_IMAGES = YES;
				EXECUTABLE_PREFIX = "";
				EXECUTABLE_SUFFIX = "";
				GCC_GENERATE_DEBUGGING_SYMBOLS = NO;
				GCC_INLINES_ARE_PRIVATE_EXTERN = NO;
				GCC_OPTIMIZATION_LEVEL = 2;
				GCC_PREPROCESSOR_DEFINITIONS = ("'CMAKE_INTDIR=\"$(CONFIGURATION)$(EFFECTIVE_PLATFORM_NAME)\"'");
				GCC_SYMBOLS_PRIVATE_EXTERN = NO;
				HEADER_SEARCH_PATHS = ("/Users/btwise/Karabiner-Elements/src/share","/Users/btwise/Karabiner-Elements/src/core/grabber/./include");
				INSTALL_PATH = "";
				LIBRARY_SEARCH_PATHS = "";
				OTHER_CPLUSPLUSFLAGS = "    -DNDEBUG -Wall -Werror     -fobjc-arc -fmodules '-std=gnu++1z'  ";
				OTHER_LDFLAGS = " -Wl,-search_paths_first -Wl,-headerpad_max_install_names  -framework CoreFoundation -framework CoreGraphics -framework CoreServices -framework IOKit -framework SystemConfiguration";
				OTHER_REZFLAGS = "";
				PRODUCT_NAME = karabiner_grabber;
				SECTORDER_FLAGS = "";
				SYMROOT = "/Users/btwise/Karabiner-Elements/src/core/grabber/build_xcode";
				SYSTEM_HEADER_SEARCH_PATHS = ("/Users/btwise/Karabiner-Elements/src/vendor","/Users/btwise/Karabiner-Elements/src/vendor/cget/include");
				USE_HEADERMAP = NO;
				WARNING_CFLAGS = ("-Wmost","-Wno-four-char-constants","-Wno-unknown-pragmas","$(inherited)");
			};
			name = Release;
		};
		5F0376A0BEF14A27B8BD38BE /* MinSizeRel */ = {
			isa = XCBuildConfiguration;
			buildSettings = {
				MACOSX_DEPLOYMENT_TARGET = 10.12;
				ONLY_ACTIVE_ARCH = YES;
				SDKROOT = /Applications/Xcode.app/Contents/Developer/Platforms/MacOSX.platform/Developer/SDKs/MacOSX10.14.sdk;
				SYMROOT = "/Users/btwise/Karabiner-Elements/src/core/grabber/build_xcode/build";
			};
			name = MinSizeRel;
		};
		67885A77D8FA4990B3E1A636 /* RelWithDebInfo */ = {
			isa = XCBuildConfiguration;
			buildSettings = {
				COMBINE_HIDPI_IMAGES = YES;
				EXECUTABLE_PREFIX = "";
				EXECUTABLE_SUFFIX = "";
				GCC_GENERATE_DEBUGGING_SYMBOLS = YES;
				GCC_INLINES_ARE_PRIVATE_EXTERN = NO;
				GCC_OPTIMIZATION_LEVEL = 2;
				GCC_PREPROCESSOR_DEFINITIONS = ("'CMAKE_INTDIR=\"$(CONFIGURATION)$(EFFECTIVE_PLATFORM_NAME)\"'");
				GCC_SYMBOLS_PRIVATE_EXTERN = NO;
				HEADER_SEARCH_PATHS = ("/Users/btwise/Karabiner-Elements/src/share","/Users/btwise/Karabiner-Elements/src/core/grabber/./include");
				INSTALL_PATH = "";
				LIBRARY_SEARCH_PATHS = "";
				OTHER_CPLUSPLUSFLAGS = "       -DNDEBUG -Wall -Werror     -fobjc-arc -fmodules '-std=gnu++1z'  ";
				OTHER_LDFLAGS = " -Wl,-search_paths_first -Wl,-headerpad_max_install_names  -framework CoreFoundation -framework CoreGraphics -framework CoreServices -framework IOKit -framework SystemConfiguration";
				OTHER_REZFLAGS = "";
				PRODUCT_NAME = karabiner_grabber;
				SECTORDER_FLAGS = "";
				SYMROOT = "/Users/btwise/Karabiner-Elements/src/core/grabber/build_xcode";
				SYSTEM_HEADER_SEARCH_PATHS = ("/Users/btwise/Karabiner-Elements/src/vendor","/Users/btwise/Karabiner-Elements/src/vendor/cget/include");
				USE_HEADERMAP = NO;
				WARNING_CFLAGS = ("-Wmost","-Wno-four-char-constants","-Wno-unknown-pragmas","$(inherited)");
			};
			name = RelWithDebInfo;
		};
		781075C2C58E4967856D4354 /* Release */ = {
			isa = XCBuildConfiguration;
			buildSettings = {
				MACOSX_DEPLOYMENT_TARGET = 10.12;
				ONLY_ACTIVE_ARCH = YES;
				SDKROOT = /Applications/Xcode.app/Contents/Developer/Platforms/MacOSX.platform/Developer/SDKs/MacOSX10.14.sdk;
				SYMROOT = "/Users/btwise/Karabiner-Elements/src/core/grabber/build_xcode/build";
			};
			name = Release;
		};
		8683F273B1484385BF0C15EC /* RelWithDebInfo */ = {
			isa = XCBuildConfiguration;
			buildSettings = {
				COMBINE_HIDPI_IMAGES = YES;
				GCC_GENERATE_DEBUGGING_SYMBOLS = YES;
				GCC_INLINES_ARE_PRIVATE_EXTERN = NO;
				GCC_OPTIMIZATION_LEVEL = 0;
				GCC_PREPROCESSOR_DEFINITIONS = ("'CMAKE_INTDIR=\"$(CONFIGURATION)$(EFFECTIVE_PLATFORM_NAME)\"'");
				GCC_SYMBOLS_PRIVATE_EXTERN = NO;
				INSTALL_PATH = "";
				OTHER_LDFLAGS = " ";
				OTHER_REZFLAGS = "";
				PRODUCT_NAME = ZERO_CHECK;
				SECTORDER_FLAGS = "";
				SYMROOT = "/Users/btwise/Karabiner-Elements/src/core/grabber/build_xcode";
				USE_HEADERMAP = NO;
				WARNING_CFLAGS = ("-Wmost","-Wno-four-char-constants","-Wno-unknown-pragmas","$(inherited)");
			};
			name = RelWithDebInfo;
		};
		A2B050BBC0F644F3A2723160 /* Debug */ = {
			isa = XCBuildConfiguration;
			buildSettings = {
				COMBINE_HIDPI_IMAGES = YES;
				EXECUTABLE_PREFIX = "";
				EXECUTABLE_SUFFIX = "";
				GCC_GENERATE_DEBUGGING_SYMBOLS = YES;
				GCC_INLINES_ARE_PRIVATE_EXTERN = NO;
				GCC_OPTIMIZATION_LEVEL = 2;
				GCC_PREPROCESSOR_DEFINITIONS = ("'CMAKE_INTDIR=\"$(CONFIGURATION)$(EFFECTIVE_PLATFORM_NAME)\"'");
				GCC_SYMBOLS_PRIVATE_EXTERN = NO;
				HEADER_SEARCH_PATHS = ("/Users/btwise/Karabiner-Elements/src/share","/Users/btwise/Karabiner-Elements/src/core/grabber/./include");
				INSTALL_PATH = "";
				LIBRARY_SEARCH_PATHS = "";
				OTHER_CPLUSPLUSFLAGS = "   -Wall -Werror     -fobjc-arc -fmodules '-std=gnu++1z'  ";
				OTHER_LDFLAGS = " -Wl,-search_paths_first -Wl,-headerpad_max_install_names  -framework CoreFoundation -framework CoreGraphics -framework CoreServices -framework IOKit -framework SystemConfiguration";
				OTHER_REZFLAGS = "";
				PRODUCT_NAME = karabiner_grabber;
				SECTORDER_FLAGS = "";
				SYMROOT = "/Users/btwise/Karabiner-Elements/src/core/grabber/build_xcode";
				SYSTEM_HEADER_SEARCH_PATHS = ("/Users/btwise/Karabiner-Elements/src/vendor","/Users/btwise/Karabiner-Elements/src/vendor/cget/include");
				USE_HEADERMAP = NO;
				WARNING_CFLAGS = ("-Wmost","-Wno-four-char-constants","-Wno-unknown-pragmas","$(inherited)");
			};
			name = Debug;
		};
		B0164BD561714456A8F7E918 /* Release */ = {
			isa = XCBuildConfiguration;
			buildSettings = {
				COMBINE_HIDPI_IMAGES = YES;
				GCC_GENERATE_DEBUGGING_SYMBOLS = YES;
				GCC_INLINES_ARE_PRIVATE_EXTERN = NO;
				GCC_OPTIMIZATION_LEVEL = 0;
				GCC_PREPROCESSOR_DEFINITIONS = ("'CMAKE_INTDIR=\"$(CONFIGURATION)$(EFFECTIVE_PLATFORM_NAME)\"'");
				GCC_SYMBOLS_PRIVATE_EXTERN = NO;
				INSTALL_PATH = "";
				OTHER_LDFLAGS = " ";
				OTHER_REZFLAGS = "";
				PRODUCT_NAME = ZERO_CHECK;
				SECTORDER_FLAGS = "";
				SYMROOT = "/Users/btwise/Karabiner-Elements/src/core/grabber/build_xcode";
				USE_HEADERMAP = NO;
				WARNING_CFLAGS = ("-Wmost","-Wno-four-char-constants","-Wno-unknown-pragmas","$(inherited)");
			};
			name = Release;
		};
		B6CDC1A764BA4A1B9CBDA923 /* Release */ = {
			isa = XCBuildConfiguration;
			buildSettings = {
				COMBINE_HIDPI_IMAGES = YES;
				GCC_GENERATE_DEBUGGING_SYMBOLS = YES;
				GCC_INLINES_ARE_PRIVATE_EXTERN = NO;
				GCC_OPTIMIZATION_LEVEL = 0;
				GCC_PREPROCESSOR_DEFINITIONS = ("'CMAKE_INTDIR=\"$(CONFIGURATION)$(EFFECTIVE_PLATFORM_NAME)\"'");
				GCC_SYMBOLS_PRIVATE_EXTERN = NO;
				INSTALL_PATH = "";
				OTHER_LDFLAGS = " ";
				OTHER_REZFLAGS = "";
				PRODUCT_NAME = ALL_BUILD;
				SECTORDER_FLAGS = "";
				SYMROOT = "/Users/btwise/Karabiner-Elements/src/core/grabber/build_xcode";
				USE_HEADERMAP = NO;
				WARNING_CFLAGS = ("-Wmost","-Wno-four-char-constants","-Wno-unknown-pragmas","$(inherited)");
			};
			name = Release;
		};
		BFE1848DC3C2415BB3BD6310 /* MinSizeRel */ = {
			isa = XCBuildConfiguration;
			buildSettings = {
				COMBINE_HIDPI_IMAGES = YES;
				GCC_GENERATE_DEBUGGING_SYMBOLS = YES;
				GCC_INLINES_ARE_PRIVATE_EXTERN = NO;
				GCC_OPTIMIZATION_LEVEL = 0;
				GCC_PREPROCESSOR_DEFINITIONS = ("'CMAKE_INTDIR=\"$(CONFIGURATION)$(EFFECTIVE_PLATFORM_NAME)\"'");
				GCC_SYMBOLS_PRIVATE_EXTERN = NO;
				INSTALL_PATH = "";
				OTHER_LDFLAGS = " ";
				OTHER_REZFLAGS = "";
				PRODUCT_NAME = ALL_BUILD;
				SECTORDER_FLAGS = "";
				SYMROOT = "/Users/btwise/Karabiner-Elements/src/core/grabber/build_xcode";
				USE_HEADERMAP = NO;
				WARNING_CFLAGS = ("-Wmost","-Wno-four-char-constants","-Wno-unknown-pragmas","$(inherited)");
			};
			name = MinSizeRel;
		};
		C76685D3BD72416294C60C6A /* Debug */ = {
			isa = XCBuildConfiguration;
			buildSettings = {
				MACOSX_DEPLOYMENT_TARGET = 10.12;
				ONLY_ACTIVE_ARCH = YES;
				SDKROOT = /Applications/Xcode.app/Contents/Developer/Platforms/MacOSX.platform/Developer/SDKs/MacOSX10.14.sdk;
				SYMROOT = "/Users/btwise/Karabiner-Elements/src/core/grabber/build_xcode/build";
			};
			name = Debug;
		};
		D8278304CCA24004849CE959 /* RelWithDebInfo */ = {
			isa = XCBuildConfiguration;
			buildSettings = {
				COMBINE_HIDPI_IMAGES = YES;
				GCC_GENERATE_DEBUGGING_SYMBOLS = YES;
				GCC_INLINES_ARE_PRIVATE_EXTERN = NO;
				GCC_OPTIMIZATION_LEVEL = 0;
				GCC_PREPROCESSOR_DEFINITIONS = ("'CMAKE_INTDIR=\"$(CONFIGURATION)$(EFFECTIVE_PLATFORM_NAME)\"'");
				GCC_SYMBOLS_PRIVATE_EXTERN = NO;
				INSTALL_PATH = "";
				OTHER_LDFLAGS = " ";
				OTHER_REZFLAGS = "";
				PRODUCT_NAME = ALL_BUILD;
				SECTORDER_FLAGS = "";
				SYMROOT = "/Users/btwise/Karabiner-Elements/src/core/grabber/build_xcode";
				USE_HEADERMAP = NO;
				WARNING_CFLAGS = ("-Wmost","-Wno-four-char-constants","-Wno-unknown-pragmas","$(inherited)");
			};
			name = RelWithDebInfo;
		};
		DD59A6ED3AE44764862CF6C2 /* Debug */ = {
			isa = XCBuildConfiguration;
			buildSettings = {
				COMBINE_HIDPI_IMAGES = YES;
				GCC_GENERATE_DEBUGGING_SYMBOLS = YES;
				GCC_INLINES_ARE_PRIVATE_EXTERN = NO;
				GCC_OPTIMIZATION_LEVEL = 0;
				GCC_PREPROCESSOR_DEFINITIONS = ("'CMAKE_INTDIR=\"$(CONFIGURATION)$(EFFECTIVE_PLATFORM_NAME)\"'");
				GCC_SYMBOLS_PRIVATE_EXTERN = NO;
				INSTALL_PATH = "";
				OTHER_LDFLAGS = " ";
				OTHER_REZFLAGS = "";
				PRODUCT_NAME = ZERO_CHECK;
				SECTORDER_FLAGS = "";
				SYMROOT = "/Users/btwise/Karabiner-Elements/src/core/grabber/build_xcode";
				USE_HEADERMAP = NO;
				WARNING_CFLAGS = ("-Wmost","-Wno-four-char-constants","-Wno-unknown-pragmas","$(inherited)");
			};
			name = Debug;
		};
		F5DDBD3920CF4F76B7CA39C1 /* MinSizeRel */ = {
			isa = XCBuildConfiguration;
			buildSettings = {
				COMBINE_HIDPI_IMAGES = YES;
				GCC_GENERATE_DEBUGGING_SYMBOLS = YES;
				GCC_INLINES_ARE_PRIVATE_EXTERN = NO;
				GCC_OPTIMIZATION_LEVEL = 0;
				GCC_PREPROCESSOR_DEFINITIONS = ("'CMAKE_INTDIR=\"$(CONFIGURATION)$(EFFECTIVE_PLATFORM_NAME)\"'");
				GCC_SYMBOLS_PRIVATE_EXTERN = NO;
				INSTALL_PATH = "";
				OTHER_LDFLAGS = " ";
				OTHER_REZFLAGS = "";
				PRODUCT_NAME = ZERO_CHECK;
				SECTORDER_FLAGS = "";
				SYMROOT = "/Users/btwise/Karabiner-Elements/src/core/grabber/build_xcode";
				USE_HEADERMAP = NO;
				WARNING_CFLAGS = ("-Wmost","-Wno-four-char-constants","-Wno-unknown-pragmas","$(inherited)");
			};
			name = MinSizeRel;
		};
		FFC87EA551E44E7DA7DCCB1E /* RelWithDebInfo */ = {
			isa = XCBuildConfiguration;
			buildSettings = {
				MACOSX_DEPLOYMENT_TARGET = 10.12;
				ONLY_ACTIVE_ARCH = YES;
				SDKROOT = /Applications/Xcode.app/Contents/Developer/Platforms/MacOSX.platform/Developer/SDKs/MacOSX10.14.sdk;
				SYMROOT = "/Users/btwise/Karabiner-Elements/src/core/grabber/build_xcode/build";
			};
			name = RelWithDebInfo;
		};
/* End XCBuildConfiguration section */

/* Begin XCConfigurationList section */
		2F0FD82DE6214C23B9371FB3 /* Build configuration list for PBXNativeTarget "karabiner_grabber" */ = {
			isa = XCConfigurationList;
			buildConfigurations = (
				A2B050BBC0F644F3A2723160 /* Debug */,
				568F009F16A340DBBBCF578E /* Release */,
				02E7B31AE6C1489C9FD4945E /* MinSizeRel */,
				67885A77D8FA4990B3E1A636 /* RelWithDebInfo */,
			);
			defaultConfigurationIsVisible = 0;
			defaultConfigurationName = Debug;
		};
		3A03DADB12254E36887688A8 /* Build configuration list for PBXAggregateTarget "ZERO_CHECK" */ = {
			isa = XCConfigurationList;
			buildConfigurations = (
				DD59A6ED3AE44764862CF6C2 /* Debug */,
				B0164BD561714456A8F7E918 /* Release */,
				F5DDBD3920CF4F76B7CA39C1 /* MinSizeRel */,
				8683F273B1484385BF0C15EC /* RelWithDebInfo */,
			);
			defaultConfigurationIsVisible = 0;
			defaultConfigurationName = Debug;
		};
		8216E29D98AD4657947F00F6 /* Build configuration list for PBXAggregateTarget "ALL_BUILD" */ = {
			isa = XCConfigurationList;
			buildConfigurations = (
				325B7670BA694E94BD638313 /* Debug */,
				B6CDC1A764BA4A1B9CBDA923 /* Release */,
				BFE1848DC3C2415BB3BD6310 /* MinSizeRel */,
				D8278304CCA24004849CE959 /* RelWithDebInfo */,
			);
			defaultConfigurationIsVisible = 0;
			defaultConfigurationName = Debug;
		};
		C7C0318DD0B64159800CBB60 /* Build configuration list for PBXProject "karabiner_grabber" */ = {
			isa = XCConfigurationList;
			buildConfigurations = (
				C76685D3BD72416294C60C6A /* Debug */,
				781075C2C58E4967856D4354 /* Release */,
				5F0376A0BEF14A27B8BD38BE /* MinSizeRel */,
				FFC87EA551E44E7DA7DCCB1E /* RelWithDebInfo */,
			);
			defaultConfigurationIsVisible = 0;
			defaultConfigurationName = Debug;
		};
/* End XCConfigurationList section */
	};
	rootObject = 65F2849323664DE78AA11CCD /* Project object */;
}
