// !$*UTF8*$!
{
	archiveVersion = 1;
	classes = {
	};
	objectVersion = 46;
	objects = {

/* Begin PBXAggregateTarget section */
		23004DFBC5E84B08B68BD444 /* ALL_BUILD */ = {
			isa = PBXAggregateTarget;
			buildConfigurationList = 3BB3B8452F85491F9A6EAFD8 /* Build configuration list for PBXAggregateTarget "ALL_BUILD" */;
			buildPhases = (
				ADD45D187D4448AB8A49B3DD /* CMake Rules */,
			);
			dependencies = (
				CC71E25FFAFB472ABFB37C92 /* PBXTargetDependency */,
				706F8C5449AB43E4AF39897F /* PBXTargetDependency */,
			);
			name = ALL_BUILD;
			productName = ALL_BUILD;
		};
		E45DEC8C2464486AB9CA8B2B /* ZERO_CHECK */ = {
			isa = PBXAggregateTarget;
			buildConfigurationList = 97B7A0F3048D47099745AB91 /* Build configuration list for PBXAggregateTarget "ZERO_CHECK" */;
			buildPhases = (
				292A0B477BA54C4DB8B7E346 /* CMake Rules */,
			);
			dependencies = (
			);
			name = ZERO_CHECK;
			productName = ZERO_CHECK;
		};
/* End PBXAggregateTarget section */

/* Begin PBXBuildFile section */
		0D4626205B1A4118960C5901 /* /Users/btwise/我的仓库/Karabiner-Elements/src/lib/libkrbn/src/libkrbn.cpp */ = {isa = PBXBuildFile; fileRef = 1CED77A619C74403873B8A89 /* /Users/btwise/我的仓库/Karabiner-Elements/src/lib/libkrbn/src/libkrbn.cpp */; };
		46598334B5FA47B9893E6135 /* /Users/btwise/我的仓库/Karabiner-Elements/src/lib/libkrbn/src/libkrbn_connected_devices.cpp */ = {isa = PBXBuildFile; fileRef = 06CEB83289D54EF1A6C4A24E /* /Users/btwise/我的仓库/Karabiner-Elements/src/lib/libkrbn/src/libkrbn_connected_devices.cpp */; };
		541D2768694345B98611F20C /* /Users/btwise/我的仓库/Karabiner-Elements/src/vendor/cget/src/pqrs/osx/frontmost_application_monitor/impl/objc.m */ = {isa = PBXBuildFile; fileRef = B4A5611949B145DC89C647B4 /* /Users/btwise/我的仓库/Karabiner-Elements/src/vendor/cget/src/pqrs/osx/frontmost_application_monitor/impl/objc.m */; };
		5D2A56D3D77B4BBCA40C14A8 /* /Users/btwise/我的仓库/Karabiner-Elements/src/lib/libkrbn/CMakeLists.txt */ = {isa = PBXBuildFile; fileRef = B3BB640A6F6F4E19947B3A77 /* /Users/btwise/我的仓库/Karabiner-Elements/src/lib/libkrbn/CMakeLists.txt */; };
		E633BC9F6AC74C5781523483 /* /Users/btwise/我的仓库/Karabiner-Elements/src/lib/libkrbn/src/libkrbn_log_lines.cpp */ = {isa = PBXBuildFile; fileRef = 0D94F4091C114BB2A9AD1CD6 /* /Users/btwise/我的仓库/Karabiner-Elements/src/lib/libkrbn/src/libkrbn_log_lines.cpp */; };
		F9E1FFDACF5C41C68142378C /* /Users/btwise/我的仓库/Karabiner-Elements/src/lib/libkrbn/src/libkrbn_configuration.cpp */ = {isa = PBXBuildFile; fileRef = 6DBED1F88E51420090C006C0 /* /Users/btwise/我的仓库/Karabiner-Elements/src/lib/libkrbn/src/libkrbn_configuration.cpp */; };
/* End PBXBuildFile section */

/* Begin PBXBuildStyle section */
		1A74729A00DD4FE7B6E5A992 /* Release */ = {
			isa = PBXBuildStyle;
			buildSettings = {
				COPY_PHASE_STRIP = NO;
			};
			name = Release;
		};
		9C469E8ED3D44A9988267C36 /* MinSizeRel */ = {
			isa = PBXBuildStyle;
			buildSettings = {
				COPY_PHASE_STRIP = NO;
			};
			name = MinSizeRel;
		};
		AEFBD9B5E73A4CE183201DF5 /* RelWithDebInfo */ = {
			isa = PBXBuildStyle;
			buildSettings = {
				COPY_PHASE_STRIP = NO;
			};
			name = RelWithDebInfo;
		};
		EA193983A093460F8C4700D4 /* Debug */ = {
			isa = PBXBuildStyle;
			buildSettings = {
				COPY_PHASE_STRIP = NO;
			};
			name = Debug;
		};
/* End PBXBuildStyle section */

/* Begin PBXContainerItemProxy section */
		596915CBDE4B4928A396E37D /* PBXContainerItemProxy */ = {
			isa = PBXContainerItemProxy;
			containerPortal = 760CD0ACE5B24E7CA8D3BABF /* Project object */;
			proxyType = 1;
			remoteGlobalIDString = 83BB44D0D0A248B5897809C0;
			remoteInfo = krbn;
		};
		6E18707827C54C1B8A6D76DA /* PBXContainerItemProxy */ = {
			isa = PBXContainerItemProxy;
			containerPortal = 760CD0ACE5B24E7CA8D3BABF /* Project object */;
			proxyType = 1;
			remoteGlobalIDString = E45DEC8C2464486AB9CA8B2B;
			remoteInfo = ZERO_CHECK;
		};
		91331CEA27CC49F980944C03 /* PBXContainerItemProxy */ = {
			isa = PBXContainerItemProxy;
			containerPortal = 760CD0ACE5B24E7CA8D3BABF /* Project object */;
			proxyType = 1;
			remoteGlobalIDString = E45DEC8C2464486AB9CA8B2B;
			remoteInfo = ZERO_CHECK;
		};
/* End PBXContainerItemProxy section */

/* Begin PBXFileReference section */
		06CEB83289D54EF1A6C4A24E /* /Users/btwise/我的仓库/Karabiner-Elements/src/lib/libkrbn/src/libkrbn_connected_devices.cpp */ = {isa = PBXFileReference; explicitFileType = sourcecode.cpp.cpp; fileEncoding = 4; name = libkrbn_connected_devices.cpp; path = src/libkrbn_connected_devices.cpp; sourceTree = SOURCE_ROOT; };
		0D94F4091C114BB2A9AD1CD6 /* /Users/btwise/我的仓库/Karabiner-Elements/src/lib/libkrbn/src/libkrbn_log_lines.cpp */ = {isa = PBXFileReference; explicitFileType = sourcecode.cpp.cpp; fileEncoding = 4; name = libkrbn_log_lines.cpp; path = src/libkrbn_log_lines.cpp; sourceTree = SOURCE_ROOT; };
		1CED77A619C74403873B8A89 /* /Users/btwise/我的仓库/Karabiner-Elements/src/lib/libkrbn/src/libkrbn.cpp */ = {isa = PBXFileReference; explicitFileType = sourcecode.cpp.cpp; fileEncoding = 4; name = libkrbn.cpp; path = src/libkrbn.cpp; sourceTree = SOURCE_ROOT; };
		6DBED1F88E51420090C006C0 /* /Users/btwise/我的仓库/Karabiner-Elements/src/lib/libkrbn/src/libkrbn_configuration.cpp */ = {isa = PBXFileReference; explicitFileType = sourcecode.cpp.cpp; fileEncoding = 4; name = libkrbn_configuration.cpp; path = src/libkrbn_configuration.cpp; sourceTree = SOURCE_ROOT; };
		7EBD0CD4B9564330B84AC685 /* /Users/btwise/我的仓库/Karabiner-Elements/src/lib/libkrbn/CMakeLists.txt */ = {isa = PBXFileReference; explicitFileType = sourcecode.text; fileEncoding = 4; name = CMakeLists.txt; path = CMakeLists.txt; sourceTree = SOURCE_ROOT; };
		B3BB640A6F6F4E19947B3A77 /* /Users/btwise/我的仓库/Karabiner-Elements/src/lib/libkrbn/CMakeLists.txt */ = {isa = PBXFileReference; explicitFileType = sourcecode.text; fileEncoding = 4; name = CMakeLists.txt; path = CMakeLists.txt; sourceTree = SOURCE_ROOT; };
		B4A5611949B145DC89C647B4 /* /Users/btwise/我的仓库/Karabiner-Elements/src/vendor/cget/src/pqrs/osx/frontmost_application_monitor/impl/objc.m */ = {isa = PBXFileReference; explicitFileType = sourcecode.c.objc; fileEncoding = 4; name = objc.m; path = ../../vendor/cget/src/pqrs/osx/frontmost_application_monitor/impl/objc.m; sourceTree = SOURCE_ROOT; };
		BE01CBAC211F4533BF58C4CC /* krbn */ = {isa = PBXFileReference; explicitFileType = archive.ar; path = libkrbn.a; sourceTree = BUILT_PRODUCTS_DIR; };
/* End PBXFileReference section */

/* Begin PBXGroup section */
		451AE5C9FACF4C1482BC3A2A /* Products */ = {
			isa = PBXGroup;
			children = (
				BE01CBAC211F4533BF58C4CC /* krbn */,
			);
			name = Products;
			sourceTree = "<group>";
		};
		65BB0AA5C9AF45309F16920F /* Source Files */ = {
			isa = PBXGroup;
			children = (
				1CED77A619C74403873B8A89 /* /Users/btwise/我的仓库/Karabiner-Elements/src/lib/libkrbn/src/libkrbn.cpp */,
				6DBED1F88E51420090C006C0 /* /Users/btwise/我的仓库/Karabiner-Elements/src/lib/libkrbn/src/libkrbn_configuration.cpp */,
				06CEB83289D54EF1A6C4A24E /* /Users/btwise/我的仓库/Karabiner-Elements/src/lib/libkrbn/src/libkrbn_connected_devices.cpp */,
				0D94F4091C114BB2A9AD1CD6 /* /Users/btwise/我的仓库/Karabiner-Elements/src/lib/libkrbn/src/libkrbn_log_lines.cpp */,
				B4A5611949B145DC89C647B4 /* /Users/btwise/我的仓库/Karabiner-Elements/src/vendor/cget/src/pqrs/osx/frontmost_application_monitor/impl/objc.m */,
			);
			name = "Source Files";
			sourceTree = "<group>";
		};
		ACC08D883746457FB6A01E12 /* ALL_BUILD */ = {
			isa = PBXGroup;
			children = (
				DF0549B0F6DE40EC96D15754 /* CMake Rules */,
				7EBD0CD4B9564330B84AC685 /* /Users/btwise/我的仓库/Karabiner-Elements/src/lib/libkrbn/CMakeLists.txt */,
			);
			name = ALL_BUILD;
			sourceTree = "<group>";
		};
		DF0549B0F6DE40EC96D15754 /* CMake Rules */ = {
			isa = PBXGroup;
			children = (
			);
			name = "CMake Rules";
			sourceTree = "<group>";
		};
		EC76D6F68D0542BBAA294327 = {
			isa = PBXGroup;
			children = (
				EF11D037D8F94D64A7105122 /* krbn */,
				ACC08D883746457FB6A01E12 /* ALL_BUILD */,
				451AE5C9FACF4C1482BC3A2A /* Products */,
			);
			sourceTree = "<group>";
		};
		EF11D037D8F94D64A7105122 /* krbn */ = {
			isa = PBXGroup;
			children = (
				65BB0AA5C9AF45309F16920F /* Source Files */,
				B3BB640A6F6F4E19947B3A77 /* /Users/btwise/我的仓库/Karabiner-Elements/src/lib/libkrbn/CMakeLists.txt */,
			);
			name = krbn;
			sourceTree = "<group>";
		};
/* End PBXGroup section */

/* Begin PBXNativeTarget section */
		83BB44D0D0A248B5897809C0 /* krbn */ = {
			isa = PBXNativeTarget;
			buildConfigurationList = 3746C5D113484AE7B05A6A32 /* Build configuration list for PBXNativeTarget "krbn" */;
			buildPhases = (
				AAC64D2CC946448AA357B053 /* Sources */,
			);
			buildRules = (
			);
			dependencies = (
				43F46F1A7F2E4AD49BC464FC /* PBXTargetDependency */,
			);
			name = krbn;
			productName = krbn;
			productReference = BE01CBAC211F4533BF58C4CC /* krbn */;
			productType = "com.apple.product-type.library.static";
		};
/* End PBXNativeTarget section */

/* Begin PBXProject section */
		760CD0ACE5B24E7CA8D3BABF /* Project object */ = {
			isa = PBXProject;
			attributes = {
				BuildIndependentTargetsInParallel = YES;
				LastUpgradeCheck = 1010;
			};
			buildConfigurationList = BED80765FCFD473E94A9383B /* Build configuration list for PBXProject "krbn" */;
			buildSettings = {
			};
			buildStyles = (
				EA193983A093460F8C4700D4 /* Debug */,
				1A74729A00DD4FE7B6E5A992 /* Release */,
				9C469E8ED3D44A9988267C36 /* MinSizeRel */,
				AEFBD9B5E73A4CE183201DF5 /* RelWithDebInfo */,
			);
			compatibilityVersion = "Xcode 3.2";
			hasScannedForEncodings = 0;
			mainGroup = EC76D6F68D0542BBAA294327;
			projectDirPath = ../;
			projectRoot = "";
			targets = (
				23004DFBC5E84B08B68BD444 /* ALL_BUILD */,
				E45DEC8C2464486AB9CA8B2B /* ZERO_CHECK */,
				83BB44D0D0A248B5897809C0 /* krbn */,
			);
		};
/* End PBXProject section */

/* Begin PBXShellScriptBuildPhase section */
		182BD256C3744B0B994BA1B8 = {
			isa = PBXShellScriptBuildPhase;
			buildActionMask = 2147483647;
			files = (
			);
			inputPaths = (
			);
			outputPaths = (
			);
			runOnlyForDeploymentPostprocessing = 0;
			shellPath = /bin/sh;
			shellScript = "# shell script goes here
exit 0";
			showEnvVarsInLog = 0;
		};
		292A0B477BA54C4DB8B7E346 /* CMake Rules */ = {
			isa = PBXShellScriptBuildPhase;
			buildActionMask = 2147483647;
			files = (
			);
			name = "CMake Rules";
			runOnlyForDeploymentPostprocessing = 0;
			shellPath = /bin/sh;
			shellScript = "make -C /Users/btwise/我的仓库/Karabiner-Elements/src/lib/libkrbn/build_xcode -f /Users/btwise/我的仓库/Karabiner-Elements/src/lib/libkrbn/build_xcode/CMakeScripts/ZERO_CHECK_cmakeRulesBuildPhase.make$CONFIGURATION all";
			showEnvVarsInLog = 0;
		};
		97C20569695F4B85B02D6C7F = {
			isa = PBXShellScriptBuildPhase;
			buildActionMask = 2147483647;
			files = (
			);
			inputPaths = (
			);
			outputPaths = (
			);
			runOnlyForDeploymentPostprocessing = 0;
			shellPath = /bin/sh;
			shellScript = "# shell script goes here
exit 0";
			showEnvVarsInLog = 0;
		};
		ADD45D187D4448AB8A49B3DD /* CMake Rules */ = {
			isa = PBXShellScriptBuildPhase;
			buildActionMask = 2147483647;
			files = (
			);
			name = "CMake Rules";
			runOnlyForDeploymentPostprocessing = 0;
			shellPath = /bin/sh;
			shellScript = "make -C /Users/btwise/我的仓库/Karabiner-Elements/src/lib/libkrbn/build_xcode -f /Users/btwise/我的仓库/Karabiner-Elements/src/lib/libkrbn/build_xcode/CMakeScripts/ALL_BUILD_cmakeRulesBuildPhase.make$CONFIGURATION all";
			showEnvVarsInLog = 0;
		};
/* End PBXShellScriptBuildPhase section */

/* Begin PBXSourcesBuildPhase section */
		AAC64D2CC946448AA357B053 /* Sources */ = {
			isa = PBXSourcesBuildPhase;
			buildActionMask = 2147483647;
			files = (
				0D4626205B1A4118960C5901 /* /Users/btwise/我的仓库/Karabiner-Elements/src/lib/libkrbn/src/libkrbn.cpp */,
				F9E1FFDACF5C41C68142378C /* /Users/btwise/我的仓库/Karabiner-Elements/src/lib/libkrbn/src/libkrbn_configuration.cpp */,
				46598334B5FA47B9893E6135 /* /Users/btwise/我的仓库/Karabiner-Elements/src/lib/libkrbn/src/libkrbn_connected_devices.cpp */,
				E633BC9F6AC74C5781523483 /* /Users/btwise/我的仓库/Karabiner-Elements/src/lib/libkrbn/src/libkrbn_log_lines.cpp */,
				541D2768694345B98611F20C /* /Users/btwise/我的仓库/Karabiner-Elements/src/vendor/cget/src/pqrs/osx/frontmost_application_monitor/impl/objc.m */,
			);
			runOnlyForDeploymentPostprocessing = 0;
		};
/* End PBXSourcesBuildPhase section */

/* Begin PBXTargetDependency section */
		43F46F1A7F2E4AD49BC464FC /* PBXTargetDependency */ = {
			isa = PBXTargetDependency;
			target = E45DEC8C2464486AB9CA8B2B /* ZERO_CHECK */;
			targetProxy = 91331CEA27CC49F980944C03 /* PBXContainerItemProxy */;
		};
		706F8C5449AB43E4AF39897F /* PBXTargetDependency */ = {
			isa = PBXTargetDependency;
			target = E45DEC8C2464486AB9CA8B2B /* ZERO_CHECK */;
			targetProxy = 6E18707827C54C1B8A6D76DA /* PBXContainerItemProxy */;
		};
		CC71E25FFAFB472ABFB37C92 /* PBXTargetDependency */ = {
			isa = PBXTargetDependency;
			target = 83BB44D0D0A248B5897809C0 /* krbn */;
			targetProxy = 596915CBDE4B4928A396E37D /* PBXContainerItemProxy */;
		};
/* End PBXTargetDependency section */

/* Begin XCBuildConfiguration section */
		011E44BC535148F4B3BF2F77 /* Debug */ = {
			isa = XCBuildConfiguration;
			buildSettings = {
				MACOSX_DEPLOYMENT_TARGET = 10.12;
				ONLY_ACTIVE_ARCH = YES;
				SDKROOT = /Applications/Xcode.app/Contents/Developer/Platforms/MacOSX.platform/Developer/SDKs/MacOSX10.14.sdk;
				SYMROOT = "/Users/btwise/我的仓库/Karabiner-Elements/src/lib/libkrbn/build_xcode/build";
			};
			name = Debug;
		};
		12686F0FF2714E33BB903940 /* RelWithDebInfo */ = {
			isa = XCBuildConfiguration;
			buildSettings = {
				COMBINE_HIDPI_IMAGES = YES;
				GCC_GENERATE_DEBUGGING_SYMBOLS = YES;
				GCC_INLINES_ARE_PRIVATE_EXTERN = NO;
				GCC_OPTIMIZATION_LEVEL = 0;
				GCC_PREPROCESSOR_DEFINITIONS = ("'CMAKE_INTDIR=\"$(CONFIGURATION)$(EFFECTIVE_PLATFORM_NAME)\"'");
				GCC_SYMBOLS_PRIVATE_EXTERN = NO;
				INSTALL_PATH = "";
				OTHER_LDFLAGS = " ";
				OTHER_REZFLAGS = "";
				PRODUCT_NAME = ZERO_CHECK;
				SECTORDER_FLAGS = "";
				SYMROOT = "/Users/btwise/我的仓库/Karabiner-Elements/src/lib/libkrbn/build_xcode";
				USE_HEADERMAP = NO;
				WARNING_CFLAGS = ("-Wmost","-Wno-four-char-constants","-Wno-unknown-pragmas","$(inherited)");
			};
			name = RelWithDebInfo;
		};
		16BE77C6D6ED4C3AA9F77A84 /* RelWithDebInfo */ = {
			isa = XCBuildConfiguration;
			buildSettings = {
				MACOSX_DEPLOYMENT_TARGET = 10.12;
				ONLY_ACTIVE_ARCH = YES;
				SDKROOT = /Applications/Xcode.app/Contents/Developer/Platforms/MacOSX.platform/Developer/SDKs/MacOSX10.14.sdk;
				SYMROOT = "/Users/btwise/我的仓库/Karabiner-Elements/src/lib/libkrbn/build_xcode/build";
			};
			name = RelWithDebInfo;
		};
		298C778F205B41B698216339 /* MinSizeRel */ = {
			isa = XCBuildConfiguration;
			buildSettings = {
				COMBINE_HIDPI_IMAGES = YES;
				EXECUTABLE_PREFIX = lib;
				EXECUTABLE_SUFFIX = .a;
				GCC_GENERATE_DEBUGGING_SYMBOLS = NO;
				GCC_INLINES_ARE_PRIVATE_EXTERN = NO;
				GCC_OPTIMIZATION_LEVEL = 2;
				GCC_PREPROCESSOR_DEFINITIONS = ("'CMAKE_INTDIR=\"$(CONFIGURATION)$(EFFECTIVE_PLATFORM_NAME)\"'");
				GCC_SYMBOLS_PRIVATE_EXTERN = NO;
				HEADER_SEARCH_PATHS = ("/Users/btwise/我的仓库/Karabiner-Elements/src/share","/Users/btwise/我的仓库/Karabiner-Elements/src/lib/libkrbn/./include","/Users/btwise/我的仓库/Karabiner-Elements/src/lib/libkrbn/./impl/include");
				INSTALL_PATH = "";
				LIBRARY_STYLE = STATIC;
				OTHER_CFLAGS = "    -DNDEBUG -Wall -Werror     -fobjc-arc -fmodules  ";
				OTHER_CPLUSPLUSFLAGS = "    -DNDEBUG -Wall -Werror     -fobjc-arc -fmodules '-std=gnu++1z'  ";
				OTHER_LIBTOOLFLAGS = " ";
				OTHER_REZFLAGS = "";
				PRODUCT_NAME = krbn;
				SECTORDER_FLAGS = "";
				SYMROOT = "/Users/btwise/我的仓库/Karabiner-Elements/src/lib/libkrbn/build_xcode";
				SYSTEM_HEADER_SEARCH_PATHS = ("/Users/btwise/我的仓库/Karabiner-Elements/src/vendor","/Users/btwise/我的仓库/Karabiner-Elements/src/vendor/cget/include");
				USE_HEADERMAP = NO;
				WARNING_CFLAGS = ("-Wmost","-Wno-four-char-constants","-Wno-unknown-pragmas","$(inherited)");
			};
			name = MinSizeRel;
		};
		2BE89D8F33E84194AD9D2CA6 /* MinSizeRel */ = {
			isa = XCBuildConfiguration;
			buildSettings = {
				COMBINE_HIDPI_IMAGES = YES;
				GCC_GENERATE_DEBUGGING_SYMBOLS = YES;
				GCC_INLINES_ARE_PRIVATE_EXTERN = NO;
				GCC_OPTIMIZATION_LEVEL = 0;
				GCC_PREPROCESSOR_DEFINITIONS = ("'CMAKE_INTDIR=\"$(CONFIGURATION)$(EFFECTIVE_PLATFORM_NAME)\"'");
				GCC_SYMBOLS_PRIVATE_EXTERN = NO;
				INSTALL_PATH = "";
				OTHER_LDFLAGS = " ";
				OTHER_REZFLAGS = "";
				PRODUCT_NAME = ALL_BUILD;
				SECTORDER_FLAGS = "";
				SYMROOT = "/Users/btwise/我的仓库/Karabiner-Elements/src/lib/libkrbn/build_xcode";
				USE_HEADERMAP = NO;
				WARNING_CFLAGS = ("-Wmost","-Wno-four-char-constants","-Wno-unknown-pragmas","$(inherited)");
			};
			name = MinSizeRel;
		};
		48DA9ACE05AB4A9AA384F8D3 /* MinSizeRel */ = {
			isa = XCBuildConfiguration;
			buildSettings = {
				MACOSX_DEPLOYMENT_TARGET = 10.12;
				ONLY_ACTIVE_ARCH = YES;
				SDKROOT = /Applications/Xcode.app/Contents/Developer/Platforms/MacOSX.platform/Developer/SDKs/MacOSX10.14.sdk;
				SYMROOT = "/Users/btwise/我的仓库/Karabiner-Elements/src/lib/libkrbn/build_xcode/build";
			};
			name = MinSizeRel;
		};
		5F86F9BB0A0B486CB118482A /* Release */ = {
			isa = XCBuildConfiguration;
			buildSettings = {
				MACOSX_DEPLOYMENT_TARGET = 10.12;
				ONLY_ACTIVE_ARCH = YES;
				SDKROOT = /Applications/Xcode.app/Contents/Developer/Platforms/MacOSX.platform/Developer/SDKs/MacOSX10.14.sdk;
				SYMROOT = "/Users/btwise/我的仓库/Karabiner-Elements/src/lib/libkrbn/build_xcode/build";
			};
			name = Release;
		};
		72E5D5EC5968418D878B97B5 /* RelWithDebInfo */ = {
			isa = XCBuildConfiguration;
			buildSettings = {
				COMBINE_HIDPI_IMAGES = YES;
				EXECUTABLE_PREFIX = lib;
				EXECUTABLE_SUFFIX = .a;
				GCC_GENERATE_DEBUGGING_SYMBOLS = YES;
				GCC_INLINES_ARE_PRIVATE_EXTERN = NO;
				GCC_OPTIMIZATION_LEVEL = 2;
				GCC_PREPROCESSOR_DEFINITIONS = ("'CMAKE_INTDIR=\"$(CONFIGURATION)$(EFFECTIVE_PLATFORM_NAME)\"'");
				GCC_SYMBOLS_PRIVATE_EXTERN = NO;
				HEADER_SEARCH_PATHS = ("/Users/btwise/我的仓库/Karabiner-Elements/src/share","/Users/btwise/我的仓库/Karabiner-Elements/src/lib/libkrbn/./include","/Users/btwise/我的仓库/Karabiner-Elements/src/lib/libkrbn/./impl/include");
				INSTALL_PATH = "";
				LIBRARY_STYLE = STATIC;
				OTHER_CFLAGS = "       -DNDEBUG -Wall -Werror     -fobjc-arc -fmodules  ";
				OTHER_CPLUSPLUSFLAGS = "       -DNDEBUG -Wall -Werror     -fobjc-arc -fmodules '-std=gnu++1z'  ";
				OTHER_LIBTOOLFLAGS = " ";
				OTHER_REZFLAGS = "";
				PRODUCT_NAME = krbn;
				SECTORDER_FLAGS = "";
				SYMROOT = "/Users/btwise/我的仓库/Karabiner-Elements/src/lib/libkrbn/build_xcode";
				SYSTEM_HEADER_SEARCH_PATHS = ("/Users/btwise/我的仓库/Karabiner-Elements/src/vendor","/Users/btwise/我的仓库/Karabiner-Elements/src/vendor/cget/include");
				USE_HEADERMAP = NO;
				WARNING_CFLAGS = ("-Wmost","-Wno-four-char-constants","-Wno-unknown-pragmas","$(inherited)");
			};
			name = RelWithDebInfo;
		};
		76D4C7F8FBBF49D9AA96A8ED /* RelWithDebInfo */ = {
			isa = XCBuildConfiguration;
			buildSettings = {
				COMBINE_HIDPI_IMAGES = YES;
				GCC_GENERATE_DEBUGGING_SYMBOLS = YES;
				GCC_INLINES_ARE_PRIVATE_EXTERN = NO;
				GCC_OPTIMIZATION_LEVEL = 0;
				GCC_PREPROCESSOR_DEFINITIONS = ("'CMAKE_INTDIR=\"$(CONFIGURATION)$(EFFECTIVE_PLATFORM_NAME)\"'");
				GCC_SYMBOLS_PRIVATE_EXTERN = NO;
				INSTALL_PATH = "";
				OTHER_LDFLAGS = " ";
				OTHER_REZFLAGS = "";
				PRODUCT_NAME = ALL_BUILD;
				SECTORDER_FLAGS = "";
				SYMROOT = "/Users/btwise/我的仓库/Karabiner-Elements/src/lib/libkrbn/build_xcode";
				USE_HEADERMAP = NO;
				WARNING_CFLAGS = ("-Wmost","-Wno-four-char-constants","-Wno-unknown-pragmas","$(inherited)");
			};
			name = RelWithDebInfo;
		};
		78E217E75C2844DA9FDC76EB /* Release */ = {
			isa = XCBuildConfiguration;
			buildSettings = {
				COMBINE_HIDPI_IMAGES = YES;
				GCC_GENERATE_DEBUGGING_SYMBOLS = YES;
				GCC_INLINES_ARE_PRIVATE_EXTERN = NO;
				GCC_OPTIMIZATION_LEVEL = 0;
				GCC_PREPROCESSOR_DEFINITIONS = ("'CMAKE_INTDIR=\"$(CONFIGURATION)$(EFFECTIVE_PLATFORM_NAME)\"'");
				GCC_SYMBOLS_PRIVATE_EXTERN = NO;
				INSTALL_PATH = "";
				OTHER_LDFLAGS = " ";
				OTHER_REZFLAGS = "";
				PRODUCT_NAME = ZERO_CHECK;
				SECTORDER_FLAGS = "";
				SYMROOT = "/Users/btwise/我的仓库/Karabiner-Elements/src/lib/libkrbn/build_xcode";
				USE_HEADERMAP = NO;
				WARNING_CFLAGS = ("-Wmost","-Wno-four-char-constants","-Wno-unknown-pragmas","$(inherited)");
			};
			name = Release;
		};
		AA89C5CE406940478C579DDF /* Release */ = {
			isa = XCBuildConfiguration;
			buildSettings = {
				COMBINE_HIDPI_IMAGES = YES;
				EXECUTABLE_PREFIX = lib;
				EXECUTABLE_SUFFIX = .a;
				GCC_GENERATE_DEBUGGING_SYMBOLS = NO;
				GCC_INLINES_ARE_PRIVATE_EXTERN = NO;
				GCC_OPTIMIZATION_LEVEL = 2;
				GCC_PREPROCESSOR_DEFINITIONS = ("'CMAKE_INTDIR=\"$(CONFIGURATION)$(EFFECTIVE_PLATFORM_NAME)\"'");
				GCC_SYMBOLS_PRIVATE_EXTERN = NO;
				HEADER_SEARCH_PATHS = ("/Users/btwise/我的仓库/Karabiner-Elements/src/share","/Users/btwise/我的仓库/Karabiner-Elements/src/lib/libkrbn/./include","/Users/btwise/我的仓库/Karabiner-Elements/src/lib/libkrbn/./impl/include");
				INSTALL_PATH = "";
				LIBRARY_STYLE = STATIC;
				OTHER_CFLAGS = "    -DNDEBUG -Wall -Werror     -fobjc-arc -fmodules  ";
				OTHER_CPLUSPLUSFLAGS = "    -DNDEBUG -Wall -Werror     -fobjc-arc -fmodules '-std=gnu++1z'  ";
				OTHER_LIBTOOLFLAGS = " ";
				OTHER_REZFLAGS = "";
				PRODUCT_NAME = krbn;
				SECTORDER_FLAGS = "";
				SYMROOT = "/Users/btwise/我的仓库/Karabiner-Elements/src/lib/libkrbn/build_xcode";
				SYSTEM_HEADER_SEARCH_PATHS = ("/Users/btwise/我的仓库/Karabiner-Elements/src/vendor","/Users/btwise/我的仓库/Karabiner-Elements/src/vendor/cget/include");
				USE_HEADERMAP = NO;
				WARNING_CFLAGS = ("-Wmost","-Wno-four-char-constants","-Wno-unknown-pragmas","$(inherited)");
			};
			name = Release;
		};
		C54628E034994B0EACB31A7E /* Debug */ = {
			isa = XCBuildConfiguration;
			buildSettings = {
				COMBINE_HIDPI_IMAGES = YES;
				GCC_GENERATE_DEBUGGING_SYMBOLS = YES;
				GCC_INLINES_ARE_PRIVATE_EXTERN = NO;
				GCC_OPTIMIZATION_LEVEL = 0;
				GCC_PREPROCESSOR_DEFINITIONS = ("'CMAKE_INTDIR=\"$(CONFIGURATION)$(EFFECTIVE_PLATFORM_NAME)\"'");
				GCC_SYMBOLS_PRIVATE_EXTERN = NO;
				INSTALL_PATH = "";
				OTHER_LDFLAGS = " ";
				OTHER_REZFLAGS = "";
				PRODUCT_NAME = ZERO_CHECK;
				SECTORDER_FLAGS = "";
				SYMROOT = "/Users/btwise/我的仓库/Karabiner-Elements/src/lib/libkrbn/build_xcode";
				USE_HEADERMAP = NO;
				WARNING_CFLAGS = ("-Wmost","-Wno-four-char-constants","-Wno-unknown-pragmas","$(inherited)");
			};
			name = Debug;
		};
		CC0188502266418C90CFCD83 /* Debug */ = {
			isa = XCBuildConfiguration;
			buildSettings = {
				COMBINE_HIDPI_IMAGES = YES;
				EXECUTABLE_PREFIX = lib;
				EXECUTABLE_SUFFIX = .a;
				GCC_GENERATE_DEBUGGING_SYMBOLS = YES;
				GCC_INLINES_ARE_PRIVATE_EXTERN = NO;
				GCC_OPTIMIZATION_LEVEL = 2;
				GCC_PREPROCESSOR_DEFINITIONS = ("'CMAKE_INTDIR=\"$(CONFIGURATION)$(EFFECTIVE_PLATFORM_NAME)\"'");
				GCC_SYMBOLS_PRIVATE_EXTERN = NO;
				HEADER_SEARCH_PATHS = ("/Users/btwise/我的仓库/Karabiner-Elements/src/share","/Users/btwise/我的仓库/Karabiner-Elements/src/lib/libkrbn/./include","/Users/btwise/我的仓库/Karabiner-Elements/src/lib/libkrbn/./impl/include");
				INSTALL_PATH = "";
				LIBRARY_STYLE = STATIC;
				OTHER_CFLAGS = "   -Wall -Werror     -fobjc-arc -fmodules  ";
				OTHER_CPLUSPLUSFLAGS = "   -Wall -Werror     -fobjc-arc -fmodules '-std=gnu++1z'  ";
				OTHER_LIBTOOLFLAGS = " ";
				OTHER_REZFLAGS = "";
				PRODUCT_NAME = krbn;
				SECTORDER_FLAGS = "";
				SYMROOT = "/Users/btwise/我的仓库/Karabiner-Elements/src/lib/libkrbn/build_xcode";
				SYSTEM_HEADER_SEARCH_PATHS = ("/Users/btwise/我的仓库/Karabiner-Elements/src/vendor","/Users/btwise/我的仓库/Karabiner-Elements/src/vendor/cget/include");
				USE_HEADERMAP = NO;
				WARNING_CFLAGS = ("-Wmost","-Wno-four-char-constants","-Wno-unknown-pragmas","$(inherited)");
			};
			name = Debug;
		};
		D6ED2297EFE74F5A96D35DB5 /* MinSizeRel */ = {
			isa = XCBuildConfiguration;
			buildSettings = {
				COMBINE_HIDPI_IMAGES = YES;
				GCC_GENERATE_DEBUGGING_SYMBOLS = YES;
				GCC_INLINES_ARE_PRIVATE_EXTERN = NO;
				GCC_OPTIMIZATION_LEVEL = 0;
				GCC_PREPROCESSOR_DEFINITIONS = ("'CMAKE_INTDIR=\"$(CONFIGURATION)$(EFFECTIVE_PLATFORM_NAME)\"'");
				GCC_SYMBOLS_PRIVATE_EXTERN = NO;
				INSTALL_PATH = "";
				OTHER_LDFLAGS = " ";
				OTHER_REZFLAGS = "";
				PRODUCT_NAME = ZERO_CHECK;
				SECTORDER_FLAGS = "";
				SYMROOT = "/Users/btwise/我的仓库/Karabiner-Elements/src/lib/libkrbn/build_xcode";
				USE_HEADERMAP = NO;
				WARNING_CFLAGS = ("-Wmost","-Wno-four-char-constants","-Wno-unknown-pragmas","$(inherited)");
			};
			name = MinSizeRel;
		};
		DC86726758C846A3B670C228 /* Release */ = {
			isa = XCBuildConfiguration;
			buildSettings = {
				COMBINE_HIDPI_IMAGES = YES;
				GCC_GENERATE_DEBUGGING_SYMBOLS = YES;
				GCC_INLINES_ARE_PRIVATE_EXTERN = NO;
				GCC_OPTIMIZATION_LEVEL = 0;
				GCC_PREPROCESSOR_DEFINITIONS = ("'CMAKE_INTDIR=\"$(CONFIGURATION)$(EFFECTIVE_PLATFORM_NAME)\"'");
				GCC_SYMBOLS_PRIVATE_EXTERN = NO;
				INSTALL_PATH = "";
				OTHER_LDFLAGS = " ";
				OTHER_REZFLAGS = "";
				PRODUCT_NAME = ALL_BUILD;
				SECTORDER_FLAGS = "";
				SYMROOT = "/Users/btwise/我的仓库/Karabiner-Elements/src/lib/libkrbn/build_xcode";
				USE_HEADERMAP = NO;
				WARNING_CFLAGS = ("-Wmost","-Wno-four-char-constants","-Wno-unknown-pragmas","$(inherited)");
			};
			name = Release;
		};
		E3BE7276793B41B4A1C34EAD /* Debug */ = {
			isa = XCBuildConfiguration;
			buildSettings = {
				COMBINE_HIDPI_IMAGES = YES;
				GCC_GENERATE_DEBUGGING_SYMBOLS = YES;
				GCC_INLINES_ARE_PRIVATE_EXTERN = NO;
				GCC_OPTIMIZATION_LEVEL = 0;
				GCC_PREPROCESSOR_DEFINITIONS = ("'CMAKE_INTDIR=\"$(CONFIGURATION)$(EFFECTIVE_PLATFORM_NAME)\"'");
				GCC_SYMBOLS_PRIVATE_EXTERN = NO;
				INSTALL_PATH = "";
				OTHER_LDFLAGS = " ";
				OTHER_REZFLAGS = "";
				PRODUCT_NAME = ALL_BUILD;
				SECTORDER_FLAGS = "";
				SYMROOT = "/Users/btwise/我的仓库/Karabiner-Elements/src/lib/libkrbn/build_xcode";
				USE_HEADERMAP = NO;
				WARNING_CFLAGS = ("-Wmost","-Wno-four-char-constants","-Wno-unknown-pragmas","$(inherited)");
			};
			name = Debug;
		};
/* End XCBuildConfiguration section */

/* Begin XCConfigurationList section */
		3746C5D113484AE7B05A6A32 /* Build configuration list for PBXNativeTarget "krbn" */ = {
			isa = XCConfigurationList;
			buildConfigurations = (
				CC0188502266418C90CFCD83 /* Debug */,
				AA89C5CE406940478C579DDF /* Release */,
				298C778F205B41B698216339 /* MinSizeRel */,
				72E5D5EC5968418D878B97B5 /* RelWithDebInfo */,
			);
			defaultConfigurationIsVisible = 0;
			defaultConfigurationName = Debug;
		};
		3BB3B8452F85491F9A6EAFD8 /* Build configuration list for PBXAggregateTarget "ALL_BUILD" */ = {
			isa = XCConfigurationList;
			buildConfigurations = (
				E3BE7276793B41B4A1C34EAD /* Debug */,
				DC86726758C846A3B670C228 /* Release */,
				2BE89D8F33E84194AD9D2CA6 /* MinSizeRel */,
				76D4C7F8FBBF49D9AA96A8ED /* RelWithDebInfo */,
			);
			defaultConfigurationIsVisible = 0;
			defaultConfigurationName = Debug;
		};
		97B7A0F3048D47099745AB91 /* Build configuration list for PBXAggregateTarget "ZERO_CHECK" */ = {
			isa = XCConfigurationList;
			buildConfigurations = (
				C54628E034994B0EACB31A7E /* Debug */,
				78E217E75C2844DA9FDC76EB /* Release */,
				D6ED2297EFE74F5A96D35DB5 /* MinSizeRel */,
				12686F0FF2714E33BB903940 /* RelWithDebInfo */,
			);
			defaultConfigurationIsVisible = 0;
			defaultConfigurationName = Debug;
		};
		BED80765FCFD473E94A9383B /* Build configuration list for PBXProject "krbn" */ = {
			isa = XCConfigurationList;
			buildConfigurations = (
				011E44BC535148F4B3BF2F77 /* Debug */,
				5F86F9BB0A0B486CB118482A /* Release */,
				48DA9ACE05AB4A9AA384F8D3 /* MinSizeRel */,
				16BE77C6D6ED4C3AA9F77A84 /* RelWithDebInfo */,
			);
			defaultConfigurationIsVisible = 0;
			defaultConfigurationName = Debug;
		};
/* End XCConfigurationList section */
	};
	rootObject = 760CD0ACE5B24E7CA8D3BABF /* Project object */;
}
