// !$*UTF8*$!
{
	archiveVersion = 1;
	classes = {
	};
	objectVersion = 46;
	objects = {

/* Begin PBXAggregateTarget section */
		7B55026EC55E424B980C98FA /* ALL_BUILD */ = {
			isa = PBXAggregateTarget;
			buildConfigurationList = BDF25D0B3AE34E29805B9884 /* Build configuration list for PBXAggregateTarget "ALL_BUILD" */;
			buildPhases = (
				97814A08FDAF400AA7F13C1A /* CMake Rules */,
			);
			dependencies = (
				282DE3A05E78441BA041A846 /* PBXTargetDependency */,
				2E603C67873E48F19ADE39F9 /* PBXTargetDependency */,
			);
			name = ALL_BUILD;
			productName = ALL_BUILD;
		};
		E4FDB4A978C341BF8DCD59FE /* ZERO_CHECK */ = {
			isa = PBXAggregateTarget;
			buildConfigurationList = B1279072965F4CFDA974E669 /* Build configuration list for PBXAggregateTarget "ZERO_CHECK" */;
			buildPhases = (
				1628B4165AFF4442BA84A7CE /* CMake Rules */,
			);
			dependencies = (
			);
			name = ZERO_CHECK;
			productName = ZERO_CHECK;
		};
/* End PBXAggregateTarget section */

/* Begin PBXBuildFile section */
		3EE5ECC690E845539F5DEBBF /* /Users/btwise/Karabiner-Elements/src/core/session_monitor/src/main.cpp */ = {isa = PBXBuildFile; fileRef = 4623C36908FB4D81841D7C2B /* /Users/btwise/Karabiner-Elements/src/core/session_monitor/src/main.cpp */; };
		FFCF75659CE94B788CCDF3AB /* /Users/btwise/Karabiner-Elements/src/core/session_monitor/CMakeLists.txt */ = {isa = PBXBuildFile; fileRef = 387480BE80634002A2F1E485 /* /Users/btwise/Karabiner-Elements/src/core/session_monitor/CMakeLists.txt */; };
/* End PBXBuildFile section */

/* Begin PBXBuildStyle section */
		81DF5C11B8344D1E9282F378 /* MinSizeRel */ = {
			isa = PBXBuildStyle;
			buildSettings = {
				COPY_PHASE_STRIP = NO;
			};
			name = MinSizeRel;
		};
		9AF8BF7898054B1BB0B7DC0D /* Release */ = {
			isa = PBXBuildStyle;
			buildSettings = {
				COPY_PHASE_STRIP = NO;
			};
			name = Release;
		};
		B165E17F3A674A79A20F78D1 /* Debug */ = {
			isa = PBXBuildStyle;
			buildSettings = {
				COPY_PHASE_STRIP = NO;
			};
			name = Debug;
		};
		F764013FF6704707A6594303 /* RelWithDebInfo */ = {
			isa = PBXBuildStyle;
			buildSettings = {
				COPY_PHASE_STRIP = NO;
			};
			name = RelWithDebInfo;
		};
/* End PBXBuildStyle section */

/* Begin PBXContainerItemProxy section */
		0DED6D880F914C6FB63D2884 /* PBXContainerItemProxy */ = {
			isa = PBXContainerItemProxy;
			containerPortal = B9FF1A0297074DCCA83AE06E /* Project object */;
			proxyType = 1;
			remoteGlobalIDString = E4FDB4A978C341BF8DCD59FE;
			remoteInfo = ZERO_CHECK;
		};
		26DBB3C4C8054055AAFA932F /* PBXContainerItemProxy */ = {
			isa = PBXContainerItemProxy;
			containerPortal = B9FF1A0297074DCCA83AE06E /* Project object */;
			proxyType = 1;
			remoteGlobalIDString = E4FDB4A978C341BF8DCD59FE;
			remoteInfo = ZERO_CHECK;
		};
		C43D4F67BE1942DB9A35526D /* PBXContainerItemProxy */ = {
			isa = PBXContainerItemProxy;
			containerPortal = B9FF1A0297074DCCA83AE06E /* Project object */;
			proxyType = 1;
			remoteGlobalIDString = 56D9AB5679074D7587D03527;
			remoteInfo = karabiner_session_monitor;
		};
/* End PBXContainerItemProxy section */

/* Begin PBXFileReference section */
		387480BE80634002A2F1E485 /* /Users/btwise/Karabiner-Elements/src/core/session_monitor/CMakeLists.txt */ = {isa = PBXFileReference; explicitFileType = sourcecode.text; fileEncoding = 4; name = CMakeLists.txt; path = CMakeLists.txt; sourceTree = SOURCE_ROOT; };
		4623C36908FB4D81841D7C2B /* /Users/btwise/Karabiner-Elements/src/core/session_monitor/src/main.cpp */ = {isa = PBXFileReference; explicitFileType = sourcecode.cpp.cpp; fileEncoding = 4; name = main.cpp; path = src/main.cpp; sourceTree = SOURCE_ROOT; };
		51D228217CE140648E871B62 /* /Users/btwise/Karabiner-Elements/src/core/session_monitor/CMakeLists.txt */ = {isa = PBXFileReference; explicitFileType = sourcecode.text; fileEncoding = 4; name = CMakeLists.txt; path = CMakeLists.txt; sourceTree = SOURCE_ROOT; };
		FB492F38DB9743FFBCCE1D0D /* karabiner_session_monitor */ = {isa = PBXFileReference; explicitFileType = "compiled.mach-o.executable"; path = karabiner_session_monitor; sourceTree = BUILT_PRODUCTS_DIR; };
/* End PBXFileReference section */

/* Begin PBXGroup section */
		2FDD9F239F6544E7B368728F /* karabiner_session_monitor */ = {
			isa = PBXGroup;
			children = (
				4FD44D9F1958463588547E62 /* Source Files */,
				387480BE80634002A2F1E485 /* /Users/btwise/Karabiner-Elements/src/core/session_monitor/CMakeLists.txt */,
			);
			name = karabiner_session_monitor;
			sourceTree = "<group>";
		};
		4FD44D9F1958463588547E62 /* Source Files */ = {
			isa = PBXGroup;
			children = (
				4623C36908FB4D81841D7C2B /* /Users/btwise/Karabiner-Elements/src/core/session_monitor/src/main.cpp */,
			);
			name = "Source Files";
			sourceTree = "<group>";
		};
		506863536A1A4AB391A614EE = {
			isa = PBXGroup;
			children = (
				2FDD9F239F6544E7B368728F /* karabiner_session_monitor */,
				86E478D18B1E423DB3923DCB /* ALL_BUILD */,
				687CF2D532A04091B50E78E6 /* Products */,
			);
			sourceTree = "<group>";
		};
		60FD31EC83D1487F8E322F88 /* CMake Rules */ = {
			isa = PBXGroup;
			children = (
			);
			name = "CMake Rules";
			sourceTree = "<group>";
		};
		687CF2D532A04091B50E78E6 /* Products */ = {
			isa = PBXGroup;
			children = (
				FB492F38DB9743FFBCCE1D0D /* karabiner_session_monitor */,
			);
			name = Products;
			sourceTree = "<group>";
		};
		86E478D18B1E423DB3923DCB /* ALL_BUILD */ = {
			isa = PBXGroup;
			children = (
				60FD31EC83D1487F8E322F88 /* CMake Rules */,
				51D228217CE140648E871B62 /* /Users/btwise/Karabiner-Elements/src/core/session_monitor/CMakeLists.txt */,
			);
			name = ALL_BUILD;
			sourceTree = "<group>";
		};
/* End PBXGroup section */

/* Begin PBXNativeTarget section */
		56D9AB5679074D7587D03527 /* karabiner_session_monitor */ = {
			isa = PBXNativeTarget;
			buildConfigurationList = F98A72EB5F2F4FA88C6F90A8 /* Build configuration list for PBXNativeTarget "karabiner_session_monitor" */;
			buildPhases = (
				869F6F9DD2F2406BA5F81293 /* Sources */,
			);
			buildRules = (
			);
			dependencies = (
				EC0AA4E1CFA64A35BBAD8F71 /* PBXTargetDependency */,
			);
			name = karabiner_session_monitor;
			productName = karabiner_session_monitor;
			productReference = FB492F38DB9743FFBCCE1D0D /* karabiner_session_monitor */;
			productType = "com.apple.product-type.tool";
		};
/* End PBXNativeTarget section */

/* Begin PBXProject section */
		B9FF1A0297074DCCA83AE06E /* Project object */ = {
			isa = PBXProject;
			attributes = {
				BuildIndependentTargetsInParallel = YES;
				LastUpgradeCheck = 1010;
			};
			buildConfigurationList = BBF4A23DBD4C4DF49D9E1551 /* Build configuration list for PBXProject "karabiner_session_monitor" */;
			buildSettings = {
			};
			buildStyles = (
				B165E17F3A674A79A20F78D1 /* Debug */,
				9AF8BF7898054B1BB0B7DC0D /* Release */,
				81DF5C11B8344D1E9282F378 /* MinSizeRel */,
				F764013FF6704707A6594303 /* RelWithDebInfo */,
			);
			compatibilityVersion = "Xcode 3.2";
			hasScannedForEncodings = 0;
			mainGroup = 506863536A1A4AB391A614EE;
			projectDirPath = ../;
			projectRoot = "";
			targets = (
				7B55026EC55E424B980C98FA /* ALL_BUILD */,
				E4FDB4A978C341BF8DCD59FE /* ZERO_CHECK */,
				56D9AB5679074D7587D03527 /* karabiner_session_monitor */,
			);
		};
/* End PBXProject section */

/* Begin PBXShellScriptBuildPhase section */
		0D2A050AE2884699B09C42A8 = {
			isa = PBXShellScriptBuildPhase;
			buildActionMask = 2147483647;
			files = (
			);
			inputPaths = (
			);
			outputPaths = (
			);
			runOnlyForDeploymentPostprocessing = 0;
			shellPath = /bin/sh;
			shellScript = "# shell script goes here
exit 0";
			showEnvVarsInLog = 0;
		};
		1628B4165AFF4442BA84A7CE /* CMake Rules */ = {
			isa = PBXShellScriptBuildPhase;
			buildActionMask = 2147483647;
			files = (
			);
			name = "CMake Rules";
			runOnlyForDeploymentPostprocessing = 0;
			shellPath = /bin/sh;
			shellScript = "make -C /Users/btwise/Karabiner-Elements/src/core/session_monitor/build_xcode -f /Users/btwise/Karabiner-Elements/src/core/session_monitor/build_xcode/CMakeScripts/ZERO_CHECK_cmakeRulesBuildPhase.make$CONFIGURATION all";
			showEnvVarsInLog = 0;
		};
		97814A08FDAF400AA7F13C1A /* CMake Rules */ = {
			isa = PBXShellScriptBuildPhase;
			buildActionMask = 2147483647;
			files = (
			);
			name = "CMake Rules";
			runOnlyForDeploymentPostprocessing = 0;
			shellPath = /bin/sh;
			shellScript = "make -C /Users/btwise/Karabiner-Elements/src/core/session_monitor/build_xcode -f /Users/btwise/Karabiner-Elements/src/core/session_monitor/build_xcode/CMakeScripts/ALL_BUILD_cmakeRulesBuildPhase.make$CONFIGURATION all";
			showEnvVarsInLog = 0;
		};
		EA399E30C13941B9A114FE8D = {
			isa = PBXShellScriptBuildPhase;
			buildActionMask = 2147483647;
			files = (
			);
			inputPaths = (
			);
			outputPaths = (
			);
			runOnlyForDeploymentPostprocessing = 0;
			shellPath = /bin/sh;
			shellScript = "# shell script goes here
exit 0";
			showEnvVarsInLog = 0;
		};
/* End PBXShellScriptBuildPhase section */

/* Begin PBXSourcesBuildPhase section */
		869F6F9DD2F2406BA5F81293 /* Sources */ = {
			isa = PBXSourcesBuildPhase;
			buildActionMask = 2147483647;
			files = (
				3EE5ECC690E845539F5DEBBF /* /Users/btwise/Karabiner-Elements/src/core/session_monitor/src/main.cpp */,
			);
			runOnlyForDeploymentPostprocessing = 0;
		};
/* End PBXSourcesBuildPhase section */

/* Begin PBXTargetDependency section */
		282DE3A05E78441BA041A846 /* PBXTargetDependency */ = {
			isa = PBXTargetDependency;
			target = E4FDB4A978C341BF8DCD59FE /* ZERO_CHECK */;
			targetProxy = 26DBB3C4C8054055AAFA932F /* PBXContainerItemProxy */;
		};
		2E603C67873E48F19ADE39F9 /* PBXTargetDependency */ = {
			isa = PBXTargetDependency;
			target = 56D9AB5679074D7587D03527 /* karabiner_session_monitor */;
			targetProxy = C43D4F67BE1942DB9A35526D /* PBXContainerItemProxy */;
		};
		EC0AA4E1CFA64A35BBAD8F71 /* PBXTargetDependency */ = {
			isa = PBXTargetDependency;
			target = E4FDB4A978C341BF8DCD59FE /* ZERO_CHECK */;
			targetProxy = 0DED6D880F914C6FB63D2884 /* PBXContainerItemProxy */;
		};
/* End PBXTargetDependency section */

/* Begin XCBuildConfiguration section */
		0B2E3D6F2A7D47108D8959AD /* Release */ = {
			isa = XCBuildConfiguration;
			buildSettings = {
				COMBINE_HIDPI_IMAGES = YES;
				GCC_GENERATE_DEBUGGING_SYMBOLS = YES;
				GCC_INLINES_ARE_PRIVATE_EXTERN = NO;
				GCC_OPTIMIZATION_LEVEL = 0;
				GCC_PREPROCESSOR_DEFINITIONS = ("'CMAKE_INTDIR=\"$(CONFIGURATION)$(EFFECTIVE_PLATFORM_NAME)\"'");
				GCC_SYMBOLS_PRIVATE_EXTERN = NO;
				INSTALL_PATH = "";
				OTHER_LDFLAGS = " ";
				OTHER_REZFLAGS = "";
				PRODUCT_NAME = ZERO_CHECK;
				SECTORDER_FLAGS = "";
				SYMROOT = "/Users/btwise/Karabiner-Elements/src/core/session_monitor/build_xcode";
				USE_HEADERMAP = NO;
				WARNING_CFLAGS = ("-Wmost","-Wno-four-char-constants","-Wno-unknown-pragmas","$(inherited)");
			};
			name = Release;
		};
		233DFA2461C54A5AA761815F /* Debug */ = {
			isa = XCBuildConfiguration;
			buildSettings = {
				COMBINE_HIDPI_IMAGES = YES;
				EXECUTABLE_PREFIX = "";
				EXECUTABLE_SUFFIX = "";
				GCC_GENERATE_DEBUGGING_SYMBOLS = YES;
				GCC_INLINES_ARE_PRIVATE_EXTERN = NO;
				GCC_OPTIMIZATION_LEVEL = 2;
				GCC_PREPROCESSOR_DEFINITIONS = ("'CMAKE_INTDIR=\"$(CONFIGURATION)$(EFFECTIVE_PLATFORM_NAME)\"'");
				GCC_SYMBOLS_PRIVATE_EXTERN = NO;
				HEADER_SEARCH_PATHS = ("/Users/btwise/Karabiner-Elements/src/share","/Users/btwise/Karabiner-Elements/src/core/session_monitor/./include");
				INSTALL_PATH = "";
				LIBRARY_SEARCH_PATHS = "";
				OTHER_CPLUSPLUSFLAGS = "   -Wall -Werror     -fobjc-arc -fmodules '-std=gnu++1z'  ";
				OTHER_LDFLAGS = " -Wl,-search_paths_first -Wl,-headerpad_max_install_names  -framework CoreFoundation -framework CoreGraphics -framework CoreServices";
				OTHER_REZFLAGS = "";
				PRODUCT_NAME = karabiner_session_monitor;
				SECTORDER_FLAGS = "";
				SYMROOT = "/Users/btwise/Karabiner-Elements/src/core/session_monitor/build_xcode";
				SYSTEM_HEADER_SEARCH_PATHS = ("/Users/btwise/Karabiner-Elements/src/vendor","/Users/btwise/Karabiner-Elements/src/vendor/cget/include");
				USE_HEADERMAP = NO;
				WARNING_CFLAGS = ("-Wmost","-Wno-four-char-constants","-Wno-unknown-pragmas","$(inherited)");
			};
			name = Debug;
		};
		6803237F92804153A1479BF2 /* Debug */ = {
			isa = XCBuildConfiguration;
			buildSettings = {
				COMBINE_HIDPI_IMAGES = YES;
				GCC_GENERATE_DEBUGGING_SYMBOLS = YES;
				GCC_INLINES_ARE_PRIVATE_EXTERN = NO;
				GCC_OPTIMIZATION_LEVEL = 0;
				GCC_PREPROCESSOR_DEFINITIONS = ("'CMAKE_INTDIR=\"$(CONFIGURATION)$(EFFECTIVE_PLATFORM_NAME)\"'");
				GCC_SYMBOLS_PRIVATE_EXTERN = NO;
				INSTALL_PATH = "";
				OTHER_LDFLAGS = " ";
				OTHER_REZFLAGS = "";
				PRODUCT_NAME = ZERO_CHECK;
				SECTORDER_FLAGS = "";
				SYMROOT = "/Users/btwise/Karabiner-Elements/src/core/session_monitor/build_xcode";
				USE_HEADERMAP = NO;
				WARNING_CFLAGS = ("-Wmost","-Wno-four-char-constants","-Wno-unknown-pragmas","$(inherited)");
			};
			name = Debug;
		};
		690C3AEADC45484B816E279D /* Release */ = {
			isa = XCBuildConfiguration;
			buildSettings = {
				COMBINE_HIDPI_IMAGES = YES;
				EXECUTABLE_PREFIX = "";
				EXECUTABLE_SUFFIX = "";
				GCC_GENERATE_DEBUGGING_SYMBOLS = NO;
				GCC_INLINES_ARE_PRIVATE_EXTERN = NO;
				GCC_OPTIMIZATION_LEVEL = 2;
				GCC_PREPROCESSOR_DEFINITIONS = ("'CMAKE_INTDIR=\"$(CONFIGURATION)$(EFFECTIVE_PLATFORM_NAME)\"'");
				GCC_SYMBOLS_PRIVATE_EXTERN = NO;
				HEADER_SEARCH_PATHS = ("/Users/btwise/Karabiner-Elements/src/share","/Users/btwise/Karabiner-Elements/src/core/session_monitor/./include");
				INSTALL_PATH = "";
				LIBRARY_SEARCH_PATHS = "";
				OTHER_CPLUSPLUSFLAGS = "    -DNDEBUG -Wall -Werror     -fobjc-arc -fmodules '-std=gnu++1z'  ";
				OTHER_LDFLAGS = " -Wl,-search_paths_first -Wl,-headerpad_max_install_names  -framework CoreFoundation -framework CoreGraphics -framework CoreServices";
				OTHER_REZFLAGS = "";
				PRODUCT_NAME = karabiner_session_monitor;
				SECTORDER_FLAGS = "";
				SYMROOT = "/Users/btwise/Karabiner-Elements/src/core/session_monitor/build_xcode";
				SYSTEM_HEADER_SEARCH_PATHS = ("/Users/btwise/Karabiner-Elements/src/vendor","/Users/btwise/Karabiner-Elements/src/vendor/cget/include");
				USE_HEADERMAP = NO;
				WARNING_CFLAGS = ("-Wmost","-Wno-four-char-constants","-Wno-unknown-pragmas","$(inherited)");
			};
			name = Release;
		};
		6AB6EB1AE37F49189E8F9384 /* MinSizeRel */ = {
			isa = XCBuildConfiguration;
			buildSettings = {
				COMBINE_HIDPI_IMAGES = YES;
				GCC_GENERATE_DEBUGGING_SYMBOLS = YES;
				GCC_INLINES_ARE_PRIVATE_EXTERN = NO;
				GCC_OPTIMIZATION_LEVEL = 0;
				GCC_PREPROCESSOR_DEFINITIONS = ("'CMAKE_INTDIR=\"$(CONFIGURATION)$(EFFECTIVE_PLATFORM_NAME)\"'");
				GCC_SYMBOLS_PRIVATE_EXTERN = NO;
				INSTALL_PATH = "";
				OTHER_LDFLAGS = " ";
				OTHER_REZFLAGS = "";
				PRODUCT_NAME = ZERO_CHECK;
				SECTORDER_FLAGS = "";
				SYMROOT = "/Users/btwise/Karabiner-Elements/src/core/session_monitor/build_xcode";
				USE_HEADERMAP = NO;
				WARNING_CFLAGS = ("-Wmost","-Wno-four-char-constants","-Wno-unknown-pragmas","$(inherited)");
			};
			name = MinSizeRel;
		};
		8A95F1F472A54EE791F91CCE /* Debug */ = {
			isa = XCBuildConfiguration;
			buildSettings = {
				COMBINE_HIDPI_IMAGES = YES;
				GCC_GENERATE_DEBUGGING_SYMBOLS = YES;
				GCC_INLINES_ARE_PRIVATE_EXTERN = NO;
				GCC_OPTIMIZATION_LEVEL = 0;
				GCC_PREPROCESSOR_DEFINITIONS = ("'CMAKE_INTDIR=\"$(CONFIGURATION)$(EFFECTIVE_PLATFORM_NAME)\"'");
				GCC_SYMBOLS_PRIVATE_EXTERN = NO;
				INSTALL_PATH = "";
				OTHER_LDFLAGS = " ";
				OTHER_REZFLAGS = "";
				PRODUCT_NAME = ALL_BUILD;
				SECTORDER_FLAGS = "";
				SYMROOT = "/Users/btwise/Karabiner-Elements/src/core/session_monitor/build_xcode";
				USE_HEADERMAP = NO;
				WARNING_CFLAGS = ("-Wmost","-Wno-four-char-constants","-Wno-unknown-pragmas","$(inherited)");
			};
			name = Debug;
		};
		960226EAC80D4764BFEAC6F0 /* MinSizeRel */ = {
			isa = XCBuildConfiguration;
			buildSettings = {
				COMBINE_HIDPI_IMAGES = YES;
				EXECUTABLE_PREFIX = "";
				EXECUTABLE_SUFFIX = "";
				GCC_GENERATE_DEBUGGING_SYMBOLS = NO;
				GCC_INLINES_ARE_PRIVATE_EXTERN = NO;
				GCC_OPTIMIZATION_LEVEL = 2;
				GCC_PREPROCESSOR_DEFINITIONS = ("'CMAKE_INTDIR=\"$(CONFIGURATION)$(EFFECTIVE_PLATFORM_NAME)\"'");
				GCC_SYMBOLS_PRIVATE_EXTERN = NO;
				HEADER_SEARCH_PATHS = ("/Users/btwise/Karabiner-Elements/src/share","/Users/btwise/Karabiner-Elements/src/core/session_monitor/./include");
				INSTALL_PATH = "";
				LIBRARY_SEARCH_PATHS = "";
				OTHER_CPLUSPLUSFLAGS = "    -DNDEBUG -Wall -Werror     -fobjc-arc -fmodules '-std=gnu++1z'  ";
				OTHER_LDFLAGS = " -Wl,-search_paths_first -Wl,-headerpad_max_install_names  -framework CoreFoundation -framework CoreGraphics -framework CoreServices";
				OTHER_REZFLAGS = "";
				PRODUCT_NAME = karabiner_session_monitor;
				SECTORDER_FLAGS = "";
				SYMROOT = "/Users/btwise/Karabiner-Elements/src/core/session_monitor/build_xcode";
				SYSTEM_HEADER_SEARCH_PATHS = ("/Users/btwise/Karabiner-Elements/src/vendor","/Users/btwise/Karabiner-Elements/src/vendor/cget/include");
				USE_HEADERMAP = NO;
				WARNING_CFLAGS = ("-Wmost","-Wno-four-char-constants","-Wno-unknown-pragmas","$(inherited)");
			};
			name = MinSizeRel;
		};
		96636AB46A6E4D758FD033FD /* MinSizeRel */ = {
			isa = XCBuildConfiguration;
			buildSettings = {
				COMBINE_HIDPI_IMAGES = YES;
				GCC_GENERATE_DEBUGGING_SYMBOLS = YES;
				GCC_INLINES_ARE_PRIVATE_EXTERN = NO;
				GCC_OPTIMIZATION_LEVEL = 0;
				GCC_PREPROCESSOR_DEFINITIONS = ("'CMAKE_INTDIR=\"$(CONFIGURATION)$(EFFECTIVE_PLATFORM_NAME)\"'");
				GCC_SYMBOLS_PRIVATE_EXTERN = NO;
				INSTALL_PATH = "";
				OTHER_LDFLAGS = " ";
				OTHER_REZFLAGS = "";
				PRODUCT_NAME = ALL_BUILD;
				SECTORDER_FLAGS = "";
				SYMROOT = "/Users/btwise/Karabiner-Elements/src/core/session_monitor/build_xcode";
				USE_HEADERMAP = NO;
				WARNING_CFLAGS = ("-Wmost","-Wno-four-char-constants","-Wno-unknown-pragmas","$(inherited)");
			};
			name = MinSizeRel;
		};
		A8C469D3C87B405F82430268 /* RelWithDebInfo */ = {
			isa = XCBuildConfiguration;
			buildSettings = {
				MACOSX_DEPLOYMENT_TARGET = 10.12;
				ONLY_ACTIVE_ARCH = YES;
				SDKROOT = /Applications/Xcode.app/Contents/Developer/Platforms/MacOSX.platform/Developer/SDKs/MacOSX10.14.sdk;
				SYMROOT = "/Users/btwise/Karabiner-Elements/src/core/session_monitor/build_xcode/build";
			};
			name = RelWithDebInfo;
		};
		B6E8F7C77CDB4F858F014D39 /* RelWithDebInfo */ = {
			isa = XCBuildConfiguration;
			buildSettings = {
				COMBINE_HIDPI_IMAGES = YES;
				GCC_GENERATE_DEBUGGING_SYMBOLS = YES;
				GCC_INLINES_ARE_PRIVATE_EXTERN = NO;
				GCC_OPTIMIZATION_LEVEL = 0;
				GCC_PREPROCESSOR_DEFINITIONS = ("'CMAKE_INTDIR=\"$(CONFIGURATION)$(EFFECTIVE_PLATFORM_NAME)\"'");
				GCC_SYMBOLS_PRIVATE_EXTERN = NO;
				INSTALL_PATH = "";
				OTHER_LDFLAGS = " ";
				OTHER_REZFLAGS = "";
				PRODUCT_NAME = ZERO_CHECK;
				SECTORDER_FLAGS = "";
				SYMROOT = "/Users/btwise/Karabiner-Elements/src/core/session_monitor/build_xcode";
				USE_HEADERMAP = NO;
				WARNING_CFLAGS = ("-Wmost","-Wno-four-char-constants","-Wno-unknown-pragmas","$(inherited)");
			};
			name = RelWithDebInfo;
		};
		D02D59AB7DEE42808F4328F8 /* Release */ = {
			isa = XCBuildConfiguration;
			buildSettings = {
				MACOSX_DEPLOYMENT_TARGET = 10.12;
				ONLY_ACTIVE_ARCH = YES;
				SDKROOT = /Applications/Xcode.app/Contents/Developer/Platforms/MacOSX.platform/Developer/SDKs/MacOSX10.14.sdk;
				SYMROOT = "/Users/btwise/Karabiner-Elements/src/core/session_monitor/build_xcode/build";
			};
			name = Release;
		};
		D8143EF356B342BD84883326 /* RelWithDebInfo */ = {
			isa = XCBuildConfiguration;
			buildSettings = {
				COMBINE_HIDPI_IMAGES = YES;
				GCC_GENERATE_DEBUGGING_SYMBOLS = YES;
				GCC_INLINES_ARE_PRIVATE_EXTERN = NO;
				GCC_OPTIMIZATION_LEVEL = 0;
				GCC_PREPROCESSOR_DEFINITIONS = ("'CMAKE_INTDIR=\"$(CONFIGURATION)$(EFFECTIVE_PLATFORM_NAME)\"'");
				GCC_SYMBOLS_PRIVATE_EXTERN = NO;
				INSTALL_PATH = "";
				OTHER_LDFLAGS = " ";
				OTHER_REZFLAGS = "";
				PRODUCT_NAME = ALL_BUILD;
				SECTORDER_FLAGS = "";
				SYMROOT = "/Users/btwise/Karabiner-Elements/src/core/session_monitor/build_xcode";
				USE_HEADERMAP = NO;
				WARNING_CFLAGS = ("-Wmost","-Wno-four-char-constants","-Wno-unknown-pragmas","$(inherited)");
			};
			name = RelWithDebInfo;
		};
		E20A6FBB28F64DC5A49331F9 /* RelWithDebInfo */ = {
			isa = XCBuildConfiguration;
			buildSettings = {
				COMBINE_HIDPI_IMAGES = YES;
				EXECUTABLE_PREFIX = "";
				EXECUTABLE_SUFFIX = "";
				GCC_GENERATE_DEBUGGING_SYMBOLS = YES;
				GCC_INLINES_ARE_PRIVATE_EXTERN = NO;
				GCC_OPTIMIZATION_LEVEL = 2;
				GCC_PREPROCESSOR_DEFINITIONS = ("'CMAKE_INTDIR=\"$(CONFIGURATION)$(EFFECTIVE_PLATFORM_NAME)\"'");
				GCC_SYMBOLS_PRIVATE_EXTERN = NO;
				HEADER_SEARCH_PATHS = ("/Users/btwise/Karabiner-Elements/src/share","/Users/btwise/Karabiner-Elements/src/core/session_monitor/./include");
				INSTALL_PATH = "";
				LIBRARY_SEARCH_PATHS = "";
				OTHER_CPLUSPLUSFLAGS = "       -DNDEBUG -Wall -Werror     -fobjc-arc -fmodules '-std=gnu++1z'  ";
				OTHER_LDFLAGS = " -Wl,-search_paths_first -Wl,-headerpad_max_install_names  -framework CoreFoundation -framework CoreGraphics -framework CoreServices";
				OTHER_REZFLAGS = "";
				PRODUCT_NAME = karabiner_session_monitor;
				SECTORDER_FLAGS = "";
				SYMROOT = "/Users/btwise/Karabiner-Elements/src/core/session_monitor/build_xcode";
				SYSTEM_HEADER_SEARCH_PATHS = ("/Users/btwise/Karabiner-Elements/src/vendor","/Users/btwise/Karabiner-Elements/src/vendor/cget/include");
				USE_HEADERMAP = NO;
				WARNING_CFLAGS = ("-Wmost","-Wno-four-char-constants","-Wno-unknown-pragmas","$(inherited)");
			};
			name = RelWithDebInfo;
		};
		E46BCE56CCF344019A34C046 /* Debug */ = {
			isa = XCBuildConfiguration;
			buildSettings = {
				MACOSX_DEPLOYMENT_TARGET = 10.12;
				ONLY_ACTIVE_ARCH = YES;
				SDKROOT = /Applications/Xcode.app/Contents/Developer/Platforms/MacOSX.platform/Developer/SDKs/MacOSX10.14.sdk;
				SYMROOT = "/Users/btwise/Karabiner-Elements/src/core/session_monitor/build_xcode/build";
			};
			name = Debug;
		};
		E78585CC2D1E45DB8B3036FE /* Release */ = {
			isa = XCBuildConfiguration;
			buildSettings = {
				COMBINE_HIDPI_IMAGES = YES;
				GCC_GENERATE_DEBUGGING_SYMBOLS = YES;
				GCC_INLINES_ARE_PRIVATE_EXTERN = NO;
				GCC_OPTIMIZATION_LEVEL = 0;
				GCC_PREPROCESSOR_DEFINITIONS = ("'CMAKE_INTDIR=\"$(CONFIGURATION)$(EFFECTIVE_PLATFORM_NAME)\"'");
				GCC_SYMBOLS_PRIVATE_EXTERN = NO;
				INSTALL_PATH = "";
				OTHER_LDFLAGS = " ";
				OTHER_REZFLAGS = "";
				PRODUCT_NAME = ALL_BUILD;
				SECTORDER_FLAGS = "";
				SYMROOT = "/Users/btwise/Karabiner-Elements/src/core/session_monitor/build_xcode";
				USE_HEADERMAP = NO;
				WARNING_CFLAGS = ("-Wmost","-Wno-four-char-constants","-Wno-unknown-pragmas","$(inherited)");
			};
			name = Release;
		};
		EAE73E47E6C74BB9983250CA /* MinSizeRel */ = {
			isa = XCBuildConfiguration;
			buildSettings = {
				MACOSX_DEPLOYMENT_TARGET = 10.12;
				ONLY_ACTIVE_ARCH = YES;
				SDKROOT = /Applications/Xcode.app/Contents/Developer/Platforms/MacOSX.platform/Developer/SDKs/MacOSX10.14.sdk;
				SYMROOT = "/Users/btwise/Karabiner-Elements/src/core/session_monitor/build_xcode/build";
			};
			name = MinSizeRel;
		};
/* End XCBuildConfiguration section */

/* Begin XCConfigurationList section */
		B1279072965F4CFDA974E669 /* Build configuration list for PBXAggregateTarget "ZERO_CHECK" */ = {
			isa = XCConfigurationList;
			buildConfigurations = (
				6803237F92804153A1479BF2 /* Debug */,
				0B2E3D6F2A7D47108D8959AD /* Release */,
				6AB6EB1AE37F49189E8F9384 /* MinSizeRel */,
				B6E8F7C77CDB4F858F014D39 /* RelWithDebInfo */,
			);
			defaultConfigurationIsVisible = 0;
			defaultConfigurationName = Debug;
		};
		BBF4A23DBD4C4DF49D9E1551 /* Build configuration list for PBXProject "karabiner_session_monitor" */ = {
			isa = XCConfigurationList;
			buildConfigurations = (
				E46BCE56CCF344019A34C046 /* Debug */,
				D02D59AB7DEE42808F4328F8 /* Release */,
				EAE73E47E6C74BB9983250CA /* MinSizeRel */,
				A8C469D3C87B405F82430268 /* RelWithDebInfo */,
			);
			defaultConfigurationIsVisible = 0;
			defaultConfigurationName = Debug;
		};
		BDF25D0B3AE34E29805B9884 /* Build configuration list for PBXAggregateTarget "ALL_BUILD" */ = {
			isa = XCConfigurationList;
			buildConfigurations = (
				8A95F1F472A54EE791F91CCE /* Debug */,
				E78585CC2D1E45DB8B3036FE /* Release */,
				96636AB46A6E4D758FD033FD /* MinSizeRel */,
				D8143EF356B342BD84883326 /* RelWithDebInfo */,
			);
			defaultConfigurationIsVisible = 0;
			defaultConfigurationName = Debug;
		};
		F98A72EB5F2F4FA88C6F90A8 /* Build configuration list for PBXNativeTarget "karabiner_session_monitor" */ = {
			isa = XCConfigurationList;
			buildConfigurations = (
				233DFA2461C54A5AA761815F /* Debug */,
				690C3AEADC45484B816E279D /* Release */,
				960226EAC80D4764BFEAC6F0 /* MinSizeRel */,
				E20A6FBB28F64DC5A49331F9 /* RelWithDebInfo */,
			);
			defaultConfigurationIsVisible = 0;
			defaultConfigurationName = Debug;
		};
/* End XCConfigurationList section */
	};
	rootObject = B9FF1A0297074DCCA83AE06E /* Project object */;
}
